
Microsoft Visual Studio Solution File, Format Version 12.00
# Visual Studio Version 16
VisualStudioVersion = 16.0.30804.86
MinimumVisualStudioVersion = 10.0.40219.1
Project("{8BC9CEB8-8B4A-11D0-8D11-00A0C91BC942}") = "chuong_1_ly_thuyet_1", "chuong_1_ly_thuyet_1\chuong_1_ly_thuyet_1.vcxproj", "{4BD2E785-CC0E-4D99-A371-2239C9188765}"
EndProject
Project("{8BC9CEB8-8B4A-11D0-8D11-00A0C91BC942}") = "chuong_1_ly_thuyet_2", "chuong_1_ly_thuyet_2\chuong_1_ly_thuyet_2.vcxproj", "{97DD9C38-8F12-41E6-BCE7-1DF186916A5E}"
EndProject
Project("{8BC9CEB8-8B4A-11D0-8D11-00A0C91BC942}") = "chuong_1_ly_thuyet_3", "chuong_1_ly_thuyet_3\chuong_1_ly_thuyet_3.vcxproj", "{2D307392-C63D-4A31-9812-B8CE00237B5B}"
EndProject
Project("{8BC9CEB8-8B4A-11D0-8D11-00A0C91BC942}") = "chuong_1_ly_thuyet_4", "chuong_1_ly_thuyet_4\chuong_1_ly_thuyet_4.vcxproj", "{C780F5AD-9A44-42E6-BCF6-AA6630A78C47}"
EndProject
Project("{8BC9CEB8-8B4A-11D0-8D11-00A0C91BC942}") = "chuong_1_ly_thuyet_5", "chuong_1_ly_thuyet_5\chuong_1_ly_thuyet_5.vcxproj", "{0F0EA1A0-1CA8-4F0D-99A6-C92E543D8E1C}"
EndProject
Project("{8BC9CEB8-8B4A-11D0-8D11-00A0C91BC942}") = "chuong_2_ly_thuyet_1", "chuong_2_ly_thuyet_1\chuong_2_ly_thuyet_1.vcxproj", "{F77766DB-E9F7-4CB7-BF9E-FEEA1FEBF231}"
EndProject
Project("{8BC9CEB8-8B4A-11D0-8D11-00A0C91BC942}") = "chuong_2_giai_bai_tap_tim_max", "chuong_2_giai_bai_tap_tim_max\chuong_2_giai_bai_tap_tim_max.vcxproj", "{C7CD6127-DD12-4D8E-8C0C-A5C8E7DB04E9}"
EndProject
Project("{8BC9CEB8-8B4A-11D0-8D11-00A0C91BC942}") = "chuong_2_giai_bai_tap_don_gia", "chuong_2_giai_bai_tap_don_gia\chuong_2_giai_bai_tap_don_gia.vcxproj", "{64F88F21-9E5F-4F92-AC36-461DC4C1BF47}"
EndProject
Project("{8BC9CEB8-8B4A-11D0-8D11-00A0C91BC942}") = "chuong_2_giai_bai_tap_toan_ly_hoa", "chuong_2_giai_bai_tap_toan_ly_hoa\chuong_2_giai_bai_tap_toan_ly_hoa.vcxproj", "{64AB4E3B-C964-47D0-9BB2-020179890976}"
EndProject
Project("{8BC9CEB8-8B4A-11D0-8D11-00A0C91BC942}") = "chuong_2_giai_bai_tim_max_4_so", "chuong_2_giai_bai_tim_max_4_so\chuong_2_giai_bai_tim_max_4_so.vcxproj", "{1A4E21A2-95D5-4C7B-882B-3007D800EAA2}"
EndProject
Project("{8BC9CEB8-8B4A-11D0-8D11-00A0C91BC942}") = "chuong_2_giai_pt_bac_1", "chuong_2_giai_pt_bac_1\chuong_2_giai_pt_bac_1.vcxproj", "{C257F696-4AB6-4EEE-87FD-8B4D1997136A}"
EndProject
Project("{8BC9CEB8-8B4A-11D0-8D11-00A0C91BC942}") = "chuong_2_giai_bai_doc_2_chu_so", "chuong_2_giai_bai_doc_2_chu_so\chuong_2_giai_bai_doc_2_chu_so.vcxproj", "{3F93C2F5-2D7B-4A0D-BF8D-25C5F4E05951}"
EndProject
Project("{8BC9CEB8-8B4A-11D0-8D11-00A0C91BC942}") = "chuong_2_giai_bai_luong_can_ban", "chuong_2_giai_bai_luong_can_ban\chuong_2_giai_bai_luong_can_ban.vcxproj", "{73DA8CA5-FCC0-4350-9F6B-41E6F6254799}"
EndProject
Project("{8BC9CEB8-8B4A-11D0-8D11-00A0C91BC942}") = "chuong_2_switch_ly_thuyet_1", "chuong_2_switch_ly_thuyet_1\chuong_2_switch_ly_thuyet_1.vcxproj", "{39E0328D-2605-42BF-8AAF-B639A0316550}"
EndProject
Project("{8BC9CEB8-8B4A-11D0-8D11-00A0C91BC942}") = "chuong_2_giai_pt_bac_2", "chuong_2_giai_pt_bac_2\chuong_2_giai_pt_bac_2.vcxproj", "{9743AC9D-52D2-4477-BAED-B78845A20820}"
EndProject
Project("{8BC9CEB8-8B4A-11D0-8D11-00A0C91BC942}") = "chuong_2_giai_pt_bac_4", "chuong_2_giai_pt_bac_4\chuong_2_giai_pt_bac_4.vcxproj", "{2C69EDA6-0E3C-4432-B2CF-A3A39B26E892}"
EndProject
Project("{8BC9CEB8-8B4A-11D0-8D11-00A0C91BC942}") = "chuong_2_bai_ngay_truoc_sau", "chuong_2_bai_ngay_truoc_sau\chuong_2_bai_ngay_truoc_sau.vcxproj", "{010B2F08-B317-481F-A4FB-B6AB24F071CC}"
EndProject
Project("{8BC9CEB8-8B4A-11D0-8D11-00A0C91BC942}") = "chuong_2_giai_bai_kiem_tra_ngay_thang", "chuong_2_giai_bai_kiem_tra_ngay_thang\chuong_2_giai_bai_kiem_tra_ngay_thang.vcxproj", "{76ABEF3E-4FAB-4C80-B6D7-9D4742A4ED10}"
EndProject
Project("{8BC9CEB8-8B4A-11D0-8D11-00A0C91BC942}") = "chuong_2_kiem_tra_ky_tu_hoa_thuong", "chuong_2_kiem_tra_ky_tu_hoa_thuong\chuong_2_kiem_tra_ky_tu_hoa_thuong.vcxproj", "{7F30BD14-A23B-4E50-9391-33D484840B95}"
EndProject
Project("{8BC9CEB8-8B4A-11D0-8D11-00A0C91BC942}") = "chuong_3_vong_lap_for", "chuong_3_vong_lap_for\chuong_3_vong_lap_for.vcxproj", "{EF1A0B4C-392F-4777-B481-0B083E72C844}"
EndProject
Project("{8BC9CEB8-8B4A-11D0-8D11-00A0C91BC942}") = "chuong_3_vong_lap_while", "chuong_3_vong_lap_while\chuong_3_vong_lap_while.vcxproj", "{BA33AB7A-DAA0-4147-9BAA-F9B8EB7FB46B}"
EndProject
Project("{8BC9CEB8-8B4A-11D0-8D11-00A0C91BC942}") = "chuong_3_vong_lap_do_while", "chuong_3_vong_lap_do_while\chuong_3_vong_lap_do_while.vcxproj", "{E198D506-5878-4F4A-954D-C488EA4C5A0C}"
EndProject
Project("{8BC9CEB8-8B4A-11D0-8D11-00A0C91BC942}") = "chuong_3_cau_lenh_go", "chuong_3_cau_lenh_go\chuong_3_cau_lenh_go.vcxproj", "{E643A6BE-2AFC-4051-BF40-2A54B04C36E1}"
EndProject
Project("{8BC9CEB8-8B4A-11D0-8D11-00A0C91BC942}") = "chuong_3_bai_tap_1_tai_lop", "chuong_3_bai_tap_1_tai_lop\chuong_3_bai_tap_1_tai_lop.vcxproj", "{7531FE1B-B69C-4F39-B323-5693791EFF3B}"
EndProject
Project("{8BC9CEB8-8B4A-11D0-8D11-00A0C91BC942}") = "chuong_3_bai_tap_2_tai_lop", "chuong_3_bai_tap_2_tai_lop\chuong_3_bai_tap_2_tai_lop.vcxproj", "{B032A908-B1BF-496B-B9B0-55B1A9690575}"
EndProject
Project("{8BC9CEB8-8B4A-11D0-8D11-00A0C91BC942}") = "chuong_3_bai_tap_1_ve_nha", "chuong_3_bai_tap_1_ve_nha\chuong_3_bai_tap_1_ve_nha.vcxproj", "{D2CDD22B-47C6-47CB-99BE-C7A87BEBE0CF}"
EndProject
Project("{8BC9CEB8-8B4A-11D0-8D11-00A0C91BC942}") = "chuong_3_bai_nang_cao_1", "chuong_3_bai_nang_cao_1\chuong_3_bai_nang_cao_1.vcxproj", "{2B4493EF-7FB8-4AFE-86A6-E4A962290238}"
EndProject
Project("{8BC9CEB8-8B4A-11D0-8D11-00A0C91BC942}") = "chuong_3_bai_nang_cao_2", "chuong_3_bai_nang_cao_2\chuong_3_bai_nang_cao_2.vcxproj", "{6A4C8486-F786-47BD-9C19-3370B6287099}"
EndProject
Project("{8BC9CEB8-8B4A-11D0-8D11-00A0C91BC942}") = "chuong_3_bai_nang_cao_3", "chuong_3_bai_nang_cao_3\chuong_3_bai_nang_cao_3.vcxproj", "{B1F018F2-2960-4BAD-B81B-F9FDEAF78A39}"
EndProject
Project("{8BC9CEB8-8B4A-11D0-8D11-00A0C91BC942}") = "chuong_4_ham_ly_thuyet_1", "chuong_4_ham_ly_thuyet_1\chuong_4_ham_ly_thuyet_1.vcxproj", "{FBE86A05-8026-406B-9BDB-5E831E269446}"
EndProject
Project("{8BC9CEB8-8B4A-11D0-8D11-00A0C91BC942}") = "chuong_4_ham_ly_thuyet_2", "chuong_4_ham_ly_thuyet_2\chuong_4_ham_ly_thuyet_2.vcxproj", "{5E1FE3F2-EF5F-4A53-B17B-43D586F9D81C}"
EndProject
Project("{8BC9CEB8-8B4A-11D0-8D11-00A0C91BC942}") = "chuong_4_ham_ly_thuyet_3", "chuong_4_ham_ly_thuyet_3\chuong_4_ham_ly_thuyet_3.vcxproj", "{4A2B8EA7-0831-4559-97EE-3D7574450436}"
EndProject
Project("{8BC9CEB8-8B4A-11D0-8D11-00A0C91BC942}") = "chuong_4_ham_ly_thuyet_4", "chuong_4_ham_ly_thuyet_4\chuong_4_ham_ly_thuyet_4.vcxproj", "{046917C2-BB33-4A98-A1A7-7D9AB86D74E4}"
EndProject
Project("{8BC9CEB8-8B4A-11D0-8D11-00A0C91BC942}") = "chuong_4_ham_ly_thuyet_5", "chuong_4_ham_ly_thuyet_5\chuong_4_ham_ly_thuyet_5.vcxproj", "{3C25415E-F565-4EFD-8A94-13E84BD6CE33}"
EndProject
Project("{8BC9CEB8-8B4A-11D0-8D11-00A0C91BC942}") = "chuong_4_ham_ly_thuyet_6", "chuong_4_ham_ly_thuyet_6\chuong_4_ham_ly_thuyet_6.vcxproj", "{8ABF0DEB-14F4-4A61-BD3E-1A491DB5A123}"
EndProject
Project("{8BC9CEB8-8B4A-11D0-8D11-00A0C91BC942}") = "chuong_5_mang_1_chieu_ly_thuyet_1", "chuong_5_mang_1_chieu_ly_thuyet_1\chuong_5_mang_1_chieu_ly_thuyet_1.vcxproj", "{E76AFFF0-5108-41CB-9A82-0EE3E8272C65}"
EndProject
Project("{8BC9CEB8-8B4A-11D0-8D11-00A0C91BC942}") = "chuong_5_mang_1_chieu_ly_thuyet_2", "chuong_5_mang_1_chieu_ly_thuyet_2\chuong_5_mang_1_chieu_ly_thuyet_2.vcxproj", "{2E2E7373-4E28-479E-ACD3-A089238819B6}"
EndProject
Project("{8BC9CEB8-8B4A-11D0-8D11-00A0C91BC942}") = "chuong_6_con_tro_can_ban_ly_thuyet_1", "chuong_6_con_tro_can_ban_ly_thuyet_1\chuong_6_con_tro_can_ban_ly_thuyet_1.vcxproj", "{AFD4AB5F-40AD-4FDB-BE29-C5948CAF98A3}"
EndProject
Project("{8BC9CEB8-8B4A-11D0-8D11-00A0C91BC942}") = "chuong_6_con_tro_can_ban_ly_thuyet_2", "chuong_6_con_tro_can_ban_ly_thuyet_2\chuong_6_con_tro_can_ban_ly_thuyet_2.vcxproj", "{417B85DF-9B97-4BDB-93E0-77B0DA835966}"
EndProject
Project("{8BC9CEB8-8B4A-11D0-8D11-00A0C91BC942}") = "chuong_6_con_tro_can_ban_ly_thuyet_3", "chuong_6_con_tro_can_ban_ly_thuyet_3\chuong_6_con_tro_can_ban_ly_thuyet_3.vcxproj", "{EDAB2106-5C99-4A6C-9D66-3B8C2B635F6C}"
EndProject
Project("{8BC9CEB8-8B4A-11D0-8D11-00A0C91BC942}") = "chuong_6_con_tro_can_ban_ly_thuyet_4", "chuong_6_con_tro_can_ban_ly_thuyet_4\chuong_6_con_tro_can_ban_ly_thuyet_4.vcxproj", "{A13EDB89-C752-439F-95C3-EF460FBB4E3C}"
EndProject
Project("{8BC9CEB8-8B4A-11D0-8D11-00A0C91BC942}") = "chuong_6_con_tro_can_ban_ly_thuyet_5", "chuong_6_con_tro_can_ban_ly_thuyet_5\chuong_6_con_tro_can_ban_ly_thuyet_5.vcxproj", "{0513864F-85DF-4FE2-883A-AB29D9ACDDE6}"
EndProject
Project("{8BC9CEB8-8B4A-11D0-8D11-00A0C91BC942}") = "chuong_6_con_tro_can_ban_ly_thuyet_6", "chuong_6_con_tro_can_ban_ly_thuyet_6\chuong_6_con_tro_can_ban_ly_thuyet_6.vcxproj", "{B2B34072-19F8-4252-A609-6B499C716110}"
EndProject
Project("{8BC9CEB8-8B4A-11D0-8D11-00A0C91BC942}") = "chuong_6_con_tro_can_ban_ly_thuyet_7", "chuong_6_con_tro_can_ban_ly_thuyet_7\chuong_6_con_tro_can_ban_ly_thuyet_7.vcxproj", "{5AA13556-E7ED-4EB9-9BF7-64BDB5C22AB0}"
EndProject
Project("{8BC9CEB8-8B4A-11D0-8D11-00A0C91BC942}") = "chuong_6_con_tro_can_ban_ly_thuyet_8", "chuong_6_con_tro_can_ban_ly_thuyet_8\chuong_6_con_tro_can_ban_ly_thuyet_8.vcxproj", "{80CE8389-9FBE-4D2E-B7AF-AC8DADA75A43}"
EndProject
Project("{8BC9CEB8-8B4A-11D0-8D11-00A0C91BC942}") = "chuong_6_con_tro_can_ban_ly_thuyet_9", "chuong_6_con_tro_can_ban_ly_thuyet_9\chuong_6_con_tro_can_ban_ly_thuyet_9.vcxproj", "{718DB017-78D4-4439-A128-B6E77BD647BB}"
EndProject
Project("{8BC9CEB8-8B4A-11D0-8D11-00A0C91BC942}") = "chuong_6_con_tro_can_ban_ly_thuyet_10", "chuong_6_con_tro_can_ban_ly_thuyet_10\chuong_6_con_tro_can_ban_ly_thuyet_10.vcxproj", "{20A2143F-5507-46EA-8999-727A39C1DAC9}"
EndProject
Project("{8BC9CEB8-8B4A-11D0-8D11-00A0C91BC942}") = "chuong_6_con_tro_can_ban_ly_thuyet_11", "chuong_6_con_tro_can_ban_ly_thuyet_11\chuong_6_con_tro_can_ban_ly_thuyet_11.vcxproj", "{288583A4-0EA6-4102-B608-B4A505217B10}"
EndProject
Project("{8BC9CEB8-8B4A-11D0-8D11-00A0C91BC942}") = "chuong_6_con_tro_can_ban_ly_thuyet_12", "chuong_6_con_tro_can_ban_ly_thuyet_12\chuong_6_con_tro_can_ban_ly_thuyet_12.vcxproj", "{1B9BB74C-E3B0-45D3-8291-CAA89161E7AD}"
EndProject
Project("{8BC9CEB8-8B4A-11D0-8D11-00A0C91BC942}") = "chuong_6_con_tro_can_ban_ly_thuyet_13", "chuong_6_con_tro_can_ban_ly_thuyet_13\chuong_6_con_tro_can_ban_ly_thuyet_13.vcxproj", "{15CD5405-EFCE-4759-B9DC-25634DCA34AB}"
EndProject
Project("{8BC9CEB8-8B4A-11D0-8D11-00A0C91BC942}") = "chuong_6_con_tro_can_ban_ly_thuyet_14", "chuong_6_con_tro_can_ban_ly_thuyet_14\chuong_6_con_tro_can_ban_ly_thuyet_14.vcxproj", "{F4B4DE94-50F2-4681-9A2D-04D5310BE328}"
EndProject
Project("{8BC9CEB8-8B4A-11D0-8D11-00A0C91BC942}") = "chuong_6_con_tro_can_ban_ly_thuyet_15", "chuong_6_con_tro_can_ban_ly_thuyet_15\chuong_6_con_tro_can_ban_ly_thuyet_15.vcxproj", "{520B1827-EAF6-4F47-939D-E0C7D03D6387}"
EndProject
Project("{8BC9CEB8-8B4A-11D0-8D11-00A0C91BC942}") = "chuong_6_con_tro_can_ban_ly_thuyet_16", "chuong_6_con_tro_can_ban_ly_thuyet_16\chuong_6_con_tro_can_ban_ly_thuyet_16.vcxproj", "{41C7A27C-AF4F-4735-AE21-695F0E969987}"
EndProject
Project("{8BC9CEB8-8B4A-11D0-8D11-00A0C91BC942}") = "chuong_6_con_tro_can_ban_ly_thuyet_17", "chuong_6_con_tro_can_ban_ly_thuyet_17\chuong_6_con_tro_can_ban_ly_thuyet_17.vcxproj", "{6DF55EF2-9CA1-4FB1-BA4E-6DE4046EF8D9}"
EndProject
Project("{8BC9CEB8-8B4A-11D0-8D11-00A0C91BC942}") = "chuong_6_con_tro_can_ban_ly_thuyet_18", "chuong_6_con_tro_can_ban_ly_thuyet_18\chuong_6_con_tro_can_ban_ly_thuyet_18.vcxproj", "{A8CE4140-29E2-4788-83E2-5F439A2E30DD}"
EndProject
Project("{8BC9CEB8-8B4A-11D0-8D11-00A0C91BC942}") = "chuong_6_con_tro_can_ban_ly_thuyet_19", "chuong_6_con_tro_can_ban_ly_thuyet_19\chuong_6_con_tro_can_ban_ly_thuyet_19.vcxproj", "{C6E66BFF-9AED-4FBF-A994-AB78A97D0E39}"
EndProject
Project("{8BC9CEB8-8B4A-11D0-8D11-00A0C91BC942}") = "chuong_6_con_tro_can_ban_ly_thuyet_20", "chuong_6_con_tro_can_ban_ly_thuyet_20\chuong_6_con_tro_can_ban_ly_thuyet_20.vcxproj", "{2A73C506-8B2F-46DD-9DD9-616B9DD0ED36}"
EndProject
Project("{8BC9CEB8-8B4A-11D0-8D11-00A0C91BC942}") = "chuong_6_con_tro_can_ban_ly_thuyet_21", "chuong_6_con_tro_can_ban_ly_thuyet_21\chuong_6_con_tro_can_ban_ly_thuyet_21.vcxproj", "{61B18B4F-F071-4C63-B041-EF76D632E255}"
EndProject
Project("{8BC9CEB8-8B4A-11D0-8D11-00A0C91BC942}") = "chuong_6_con_tro_can_ban_ly_thuyet_22", "chuong_6_con_tro_can_ban_ly_thuyet_22\chuong_6_con_tro_can_ban_ly_thuyet_22.vcxproj", "{E2D234D2-C88F-4808-8EF6-51B80320DFC1}"
EndProject
Project("{8BC9CEB8-8B4A-11D0-8D11-00A0C91BC942}") = "chuong_6_con_tro_can_ban_ly_thuyet_23", "chuong_6_con_tro_can_ban_ly_thuyet_23\chuong_6_con_tro_can_ban_ly_thuyet_23.vcxproj", "{960576CE-6A2A-4C20-8EF1-15B3842785E9}"
EndProject
Project("{8BC9CEB8-8B4A-11D0-8D11-00A0C91BC942}") = "chuong_6_con_tro_can_ban_ly_thuyet_24", "chuong_6_con_tro_can_ban_ly_thuyet_24\chuong_6_con_tro_can_ban_ly_thuyet_24.vcxproj", "{1CDB19D8-C3A0-4054-9AF3-6B150CB7CD5F}"
EndProject
Project("{8BC9CEB8-8B4A-11D0-8D11-00A0C91BC942}") = "chuong_7_mang_2_chieu_ly_thuyet_1", "chuong_7_mang_2_chieu_ly_thuyet_1\chuong_7_mang_2_chieu_ly_thuyet_1.vcxproj", "{BD042E1F-B00A-4599-B9BE-80C12057AD29}"
EndProject
Project("{8BC9CEB8-8B4A-11D0-8D11-00A0C91BC942}") = "chuong_7_mang_2_chieu_ly_thuyet_2", "chuong_7_mang_2_chieu_ly_thuyet_2\chuong_7_mang_2_chieu_ly_thuyet_2.vcxproj", "{CCEABCAC-D268-4928-B7AE-90D09BE62F2D}"
EndProject
Project("{8BC9CEB8-8B4A-11D0-8D11-00A0C91BC942}") = "chuong_7_mang_2_chieu_ly_thuyet_3", "chuong_7_mang_2_chieu_ly_thuyet_3\chuong_7_mang_2_chieu_ly_thuyet_3.vcxproj", "{556E96C4-4DA4-4226-BEED-0E30931009FD}"
EndProject
Project("{8BC9CEB8-8B4A-11D0-8D11-00A0C91BC942}") = "chuong_7_giai_bai_tap_yen_ngua", "chuong_7_giai_bai_tap_yen_ngua\chuong_7_giai_bai_tap_yen_ngua.vcxproj", "{9E65A2F9-6264-49D3-B655-96FF2BFD28C0}"
EndProject
Project("{8BC9CEB8-8B4A-11D0-8D11-00A0C91BC942}") = "chuong_7_tim_max", "chuong_7_tim_max\chuong_7_tim_max.vcxproj", "{7339108B-ADFE-4E6A-BC00-9ED8502163F1}"
EndProject
Project("{8BC9CEB8-8B4A-11D0-8D11-00A0C91BC942}") = "chuong_7_ma_tran_sort", "chuong_7_ma_tran_sort\chuong_7_ma_tran_sort.vcxproj", "{D6D5A446-8C04-4993-B876-97E3B571F63B}"
EndProject
Project("{8BC9CEB8-8B4A-11D0-8D11-00A0C91BC942}") = "chuong_7_ma_tran_vuong", "chuong_7_ma_tran_vuong\chuong_7_ma_tran_vuong.vcxproj", "{4BD11BE6-0435-4C9C-B270-96C1BAA1B9C9}"
EndProject
Project("{8BC9CEB8-8B4A-11D0-8D11-00A0C91BC942}") = "chuong_8_con_tro_nang_cao_1", "chuong_8_con_tro_nang_cao_1\chuong_8_con_tro_nang_cao_1.vcxproj", "{18AFBE0A-8671-4E20-883F-7E1717320071}"
EndProject
Project("{8BC9CEB8-8B4A-11D0-8D11-00A0C91BC942}") = "chuong_8_con_tro_tro_den_con_tro", "chuong_8_con_tro_tro_den_con_tro\chuong_8_con_tro_tro_den_con_tro.vcxproj", "{50B716AC-5F03-442D-BD39-AE3300E75F57}"
EndProject
Project("{8BC9CEB8-8B4A-11D0-8D11-00A0C91BC942}") = "chuong_8_mang_rang_cua", "chuong_8_mang_rang_cua\chuong_8_mang_rang_cua.vcxproj", "{01E29D68-C89E-4F06-B6DD-84ECBAFCDCFF}"
EndProject
Project("{8BC9CEB8-8B4A-11D0-8D11-00A0C91BC942}") = "chuong_8_tim_cuc_tri", "chuong_8_tim_cuc_tri\chuong_8_tim_cuc_tri.vcxproj", "{38D9EE9F-F402-407F-9D7A-4B2E87C2E799}"
EndProject
Project("{8BC9CEB8-8B4A-11D0-8D11-00A0C91BC942}") = "chuong_8_so_luong_phan_tu_phan_biet", "chuong_8_so_luong_phan_tu_phan_biet\chuong_8_so_luong_phan_tu_phan_biet.vcxproj", "{6750D0C7-A705-483C-8548-21755B4E975A}"
EndProject
Project("{8BC9CEB8-8B4A-11D0-8D11-00A0C91BC942}") = "chuong_8_xoa_dong_cot_mang_2_chieu_dong", "chuong_8_xoa_dong_cot_mang_2_chieu_dong\chuong_8_xoa_dong_cot_mang_2_chieu_dong.vcxproj", "{9458B286-1094-42C6-BE5E-D20BF814B763}"
EndProject
Project("{8BC9CEB8-8B4A-11D0-8D11-00A0C91BC942}") = "chuong_8_vector_trong_cpp_1", "chuong_8_vector_trong_cpp_1\chuong_8_vector_trong_cpp_1.vcxproj", "{887B6946-91C5-4267-AA4A-90279EC84C88}"
EndProject
Project("{8BC9CEB8-8B4A-11D0-8D11-00A0C91BC942}") = "chuong_8_vector_trong_cpp_2", "chuong_8_vector_trong_cpp_2\chuong_8_vector_trong_cpp_2.vcxproj", "{F2FE417E-6677-4C0F-B67F-95168760A216}"
EndProject
Project("{8BC9CEB8-8B4A-11D0-8D11-00A0C91BC942}") = "chuong_8_vector_trong_cpp_3", "chuong_8_vector_trong_cpp_3\chuong_8_vector_trong_cpp_3.vcxproj", "{C7B7194E-0FB6-4E74-B092-280E1EF98136}"
EndProject
Project("{8BC9CEB8-8B4A-11D0-8D11-00A0C91BC942}") = "chuong_8_vector_trong_cpp_4", "chuong_8_vector_trong_cpp_4\chuong_8_vector_trong_cpp_4.vcxproj", "{9FB6897D-0F53-44F6-97FA-EA56358D5CF4}"
EndProject
Project("{8BC9CEB8-8B4A-11D0-8D11-00A0C91BC942}") = "chuong_8_erase_in_vector", "chuong_8_erase_in_vector\chuong_8_erase_in_vector.vcxproj", "{A1B2BD7F-C67B-4874-9AE8-9EAC4449F4E8}"
EndProject
Project("{8BC9CEB8-8B4A-11D0-8D11-00A0C91BC942}") = "chuong_8_insert_vector", "chuong_8_insert_vector\chuong_8_insert_vector.vcxproj", "{107E9642-7867-46E9-ACB8-92B4BDDF704A}"
EndProject
Project("{8BC9CEB8-8B4A-11D0-8D11-00A0C91BC942}") = "chuong_8_mang_rang_cua_vector", "chuong_8_mang_rang_cua_vector\chuong_8_mang_rang_cua_vector.vcxproj", "{BAB8D01B-3A91-403E-AF98-254B3A997747}"
EndProject
Project("{8BC9CEB8-8B4A-11D0-8D11-00A0C91BC942}") = "chuong_9_chuoi_1", "chuong_9_chuoi_1\chuong_9_chuoi_1.vcxproj", "{EE0F1519-A7A8-4A81-A099-2CBFA29F381F}"
EndProject
Project("{8BC9CEB8-8B4A-11D0-8D11-00A0C91BC942}") = "chuong_9_chuoi_2", "chuong_9_chuoi_2\chuong_9_chuoi_2.vcxproj", "{02BA9C03-2883-4167-8A5B-CD87233654F8}"
EndProject
Project("{8BC9CEB8-8B4A-11D0-8D11-00A0C91BC942}") = "chuong_9_chuoi_3", "chuong_9_chuoi_3\chuong_9_chuoi_3.vcxproj", "{C6B17044-01A6-4FB8-A58F-F4900AF6AC4E}"
EndProject
Project("{8BC9CEB8-8B4A-11D0-8D11-00A0C91BC942}") = "chuong_9_chuoi_4", "chuong_9_chuoi_4\chuong_9_chuoi_4.vcxproj", "{D2208461-B834-45DB-A5D3-42BDB13F0D99}"
EndProject
Project("{8BC9CEB8-8B4A-11D0-8D11-00A0C91BC942}") = "chuong_9_chuoi_5", "chuong_9_chuoi_5\chuong_9_chuoi_5.vcxproj", "{0AE57123-443C-4A84-9E08-5435A6A5FB34}"
EndProject
Project("{8BC9CEB8-8B4A-11D0-8D11-00A0C91BC942}") = "chuong_9_chuoi_6", "chuong_9_chuoi_6\chuong_9_chuoi_6.vcxproj", "{95C2496A-1FA2-4490-BFD3-6927901D363A}"
EndProject
Project("{8BC9CEB8-8B4A-11D0-8D11-00A0C91BC942}") = "chuong_9_chuoi_7", "chuong_9_chuoi_7\chuong_9_chuoi_7.vcxproj", "{74CE6186-0595-449B-8489-87CDD029FC8C}"
EndProject
Project("{8BC9CEB8-8B4A-11D0-8D11-00A0C91BC942}") = "chuong_9_chuoi_8", "chuong_9_chuoi_8\chuong_9_chuoi_8.vcxproj", "{46C96D26-F8A4-414A-806B-476B13840205}"
EndProject
Project("{8BC9CEB8-8B4A-11D0-8D11-00A0C91BC942}") = "chuong_9_tham_so_dong_lenh", "chuong_9_tham_so_dong_lenh\chuong_9_tham_so_dong_lenh.vcxproj", "{F7DCDEC6-B725-4115-A85C-C2498FBAF651}"
EndProject
Project("{8BC9CEB8-8B4A-11D0-8D11-00A0C91BC942}") = "chuong_9_tham_so_kieu_3_cham", "chuong_9_tham_so_kieu_3_cham\chuong_9_tham_so_kieu_3_cham.vcxproj", "{F3E57ACC-27A3-4123-AE5C-2CE4443C47B6}"
EndProject
Project("{8BC9CEB8-8B4A-11D0-8D11-00A0C91BC942}") = "chuong_9_chuoi_9", "chuong_9_chuoi_9\chuong_9_chuoi_9.vcxproj", "{1547194D-1401-4CEF-813F-43F14378C2F4}"
EndProject
Project("{8BC9CEB8-8B4A-11D0-8D11-00A0C91BC942}") = "chuong_9_chuoi_10", "chuong_9_chuoi_10\chuong_9_chuoi_10.vcxproj", "{33D734D9-D0C5-4082-8C03-25696C26E2A6}"
EndProject
Project("{8BC9CEB8-8B4A-11D0-8D11-00A0C91BC942}") = "chuong_9_chuoi_11", "chuong_9_chuoi_11\chuong_9_chuoi_11.vcxproj", "{0859B11B-515E-4306-94AD-E40A81ACA4CE}"
EndProject
Project("{8BC9CEB8-8B4A-11D0-8D11-00A0C91BC942}") = "chuong_9_password", "chuong_9_password\chuong_9_password.vcxproj", "{E17A4F50-0CD0-4783-A5A8-DE0993148930}"
EndProject
Project("{8BC9CEB8-8B4A-11D0-8D11-00A0C91BC942}") = "chuong_9_giai_menh_gia_tien", "chuong_9_giai_menh_gia_tien\chuong_9_giai_menh_gia_tien.vcxproj", "{06695162-41CE-4A52-9CCE-30E7766C0C65}"
EndProject
Project("{8BC9CEB8-8B4A-11D0-8D11-00A0C91BC942}") = "chuong_9_dem_tu", "chuong_9_dem_tu\chuong_9_dem_tu.vcxproj", "{CD253FF1-1713-4E6F-A0B1-4BDDE17E5185}"
EndProject
Project("{8BC9CEB8-8B4A-11D0-8D11-00A0C91BC942}") = "chuong_9_xuat_tu_dong_lien_tuc", "chuong_9_xuat_tu_dong_lien_tuc\chuong_9_xuat_tu_dong_lien_tuc.vcxproj", "{99B89510-7CDD-4B32-B93F-8701C62B6223}"
EndProject
Project("{8BC9CEB8-8B4A-11D0-8D11-00A0C91BC942}") = "chuong_9_giai_bai_dong_tu_lien_Tuc", "chuong_9_giai_bai_dong_tu_lienTuc\chuong_9_giai_bai_dong_tu_lienTuc.vcxproj", "{E268185B-CD4B-41A1-A966-EB9A5208BB37}"
EndProject
Project("{8BC9CEB8-8B4A-11D0-8D11-00A0C91BC942}") = "chuong_9_tim_do_dai_tu", "chuong_9_tim_do_dai_tu\chuong_9_tim_do_dai_tu.vcxproj", "{292DD39C-0447-463A-B1EB-C8B49320360E}"
EndProject
Project("{8BC9CEB8-8B4A-11D0-8D11-00A0C91BC942}") = "chuong_9_c_style", "chuong_9_c_style\chuong_9_c_style.vcxproj", "{3A9268C5-22F1-4DB9-8909-31869F85BBA9}"
EndProject
Global
	GlobalSection(SolutionConfigurationPlatforms) = preSolution
		Debug|x64 = Debug|x64
		Debug|x86 = Debug|x86
		Release|x64 = Release|x64
		Release|x86 = Release|x86
	EndGlobalSection
	GlobalSection(ProjectConfigurationPlatforms) = postSolution
		{4BD2E785-CC0E-4D99-A371-2239C9188765}.Debug|x64.ActiveCfg = Debug|x64
		{4BD2E785-CC0E-4D99-A371-2239C9188765}.Debug|x64.Build.0 = Debug|x64
		{4BD2E785-CC0E-4D99-A371-2239C9188765}.Debug|x86.ActiveCfg = Debug|Win32
		{4BD2E785-CC0E-4D99-A371-2239C9188765}.Debug|x86.Build.0 = Debug|Win32
		{4BD2E785-CC0E-4D99-A371-2239C9188765}.Release|x64.ActiveCfg = Release|x64
		{4BD2E785-CC0E-4D99-A371-2239C9188765}.Release|x64.Build.0 = Release|x64
		{4BD2E785-CC0E-4D99-A371-2239C9188765}.Release|x86.ActiveCfg = Release|Win32
		{4BD2E785-CC0E-4D99-A371-2239C9188765}.Release|x86.Build.0 = Release|Win32
		{97DD9C38-8F12-41E6-BCE7-1DF186916A5E}.Debug|x64.ActiveCfg = Debug|x64
		{97DD9C38-8F12-41E6-BCE7-1DF186916A5E}.Debug|x64.Build.0 = Debug|x64
		{97DD9C38-8F12-41E6-BCE7-1DF186916A5E}.Debug|x86.ActiveCfg = Debug|Win32
		{97DD9C38-8F12-41E6-BCE7-1DF186916A5E}.Debug|x86.Build.0 = Debug|Win32
		{97DD9C38-8F12-41E6-BCE7-1DF186916A5E}.Release|x64.ActiveCfg = Release|x64
		{97DD9C38-8F12-41E6-BCE7-1DF186916A5E}.Release|x64.Build.0 = Release|x64
		{97DD9C38-8F12-41E6-BCE7-1DF186916A5E}.Release|x86.ActiveCfg = Release|Win32
		{97DD9C38-8F12-41E6-BCE7-1DF186916A5E}.Release|x86.Build.0 = Release|Win32
		{2D307392-C63D-4A31-9812-B8CE00237B5B}.Debug|x64.ActiveCfg = Debug|x64
		{2D307392-C63D-4A31-9812-B8CE00237B5B}.Debug|x64.Build.0 = Debug|x64
		{2D307392-C63D-4A31-9812-B8CE00237B5B}.Debug|x86.ActiveCfg = Debug|Win32
		{2D307392-C63D-4A31-9812-B8CE00237B5B}.Debug|x86.Build.0 = Debug|Win32
		{2D307392-C63D-4A31-9812-B8CE00237B5B}.Release|x64.ActiveCfg = Release|x64
		{2D307392-C63D-4A31-9812-B8CE00237B5B}.Release|x64.Build.0 = Release|x64
		{2D307392-C63D-4A31-9812-B8CE00237B5B}.Release|x86.ActiveCfg = Release|Win32
		{2D307392-C63D-4A31-9812-B8CE00237B5B}.Release|x86.Build.0 = Release|Win32
		{C780F5AD-9A44-42E6-BCF6-AA6630A78C47}.Debug|x64.ActiveCfg = Debug|x64
		{C780F5AD-9A44-42E6-BCF6-AA6630A78C47}.Debug|x64.Build.0 = Debug|x64
		{C780F5AD-9A44-42E6-BCF6-AA6630A78C47}.Debug|x86.ActiveCfg = Debug|Win32
		{C780F5AD-9A44-42E6-BCF6-AA6630A78C47}.Debug|x86.Build.0 = Debug|Win32
		{C780F5AD-9A44-42E6-BCF6-AA6630A78C47}.Release|x64.ActiveCfg = Release|x64
		{C780F5AD-9A44-42E6-BCF6-AA6630A78C47}.Release|x64.Build.0 = Release|x64
		{C780F5AD-9A44-42E6-BCF6-AA6630A78C47}.Release|x86.ActiveCfg = Release|Win32
		{C780F5AD-9A44-42E6-BCF6-AA6630A78C47}.Release|x86.Build.0 = Release|Win32
		{0F0EA1A0-1CA8-4F0D-99A6-C92E543D8E1C}.Debug|x64.ActiveCfg = Debug|x64
		{0F0EA1A0-1CA8-4F0D-99A6-C92E543D8E1C}.Debug|x64.Build.0 = Debug|x64
		{0F0EA1A0-1CA8-4F0D-99A6-C92E543D8E1C}.Debug|x86.ActiveCfg = Debug|Win32
		{0F0EA1A0-1CA8-4F0D-99A6-C92E543D8E1C}.Debug|x86.Build.0 = Debug|Win32
		{0F0EA1A0-1CA8-4F0D-99A6-C92E543D8E1C}.Release|x64.ActiveCfg = Release|x64
		{0F0EA1A0-1CA8-4F0D-99A6-C92E543D8E1C}.Release|x64.Build.0 = Release|x64
		{0F0EA1A0-1CA8-4F0D-99A6-C92E543D8E1C}.Release|x86.ActiveCfg = Release|Win32
		{0F0EA1A0-1CA8-4F0D-99A6-C92E543D8E1C}.Release|x86.Build.0 = Release|Win32
		{F77766DB-E9F7-4CB7-BF9E-FEEA1FEBF231}.Debug|x64.ActiveCfg = Debug|x64
		{F77766DB-E9F7-4CB7-BF9E-FEEA1FEBF231}.Debug|x64.Build.0 = Debug|x64
		{F77766DB-E9F7-4CB7-BF9E-FEEA1FEBF231}.Debug|x86.ActiveCfg = Debug|Win32
		{F77766DB-E9F7-4CB7-BF9E-FEEA1FEBF231}.Debug|x86.Build.0 = Debug|Win32
		{F77766DB-E9F7-4CB7-BF9E-FEEA1FEBF231}.Release|x64.ActiveCfg = Release|x64
		{F77766DB-E9F7-4CB7-BF9E-FEEA1FEBF231}.Release|x64.Build.0 = Release|x64
		{F77766DB-E9F7-4CB7-BF9E-FEEA1FEBF231}.Release|x86.ActiveCfg = Release|Win32
		{F77766DB-E9F7-4CB7-BF9E-FEEA1FEBF231}.Release|x86.Build.0 = Release|Win32
		{C7CD6127-DD12-4D8E-8C0C-A5C8E7DB04E9}.Debug|x64.ActiveCfg = Debug|x64
		{C7CD6127-DD12-4D8E-8C0C-A5C8E7DB04E9}.Debug|x64.Build.0 = Debug|x64
		{C7CD6127-DD12-4D8E-8C0C-A5C8E7DB04E9}.Debug|x86.ActiveCfg = Debug|Win32
		{C7CD6127-DD12-4D8E-8C0C-A5C8E7DB04E9}.Debug|x86.Build.0 = Debug|Win32
		{C7CD6127-DD12-4D8E-8C0C-A5C8E7DB04E9}.Release|x64.ActiveCfg = Release|x64
		{C7CD6127-DD12-4D8E-8C0C-A5C8E7DB04E9}.Release|x64.Build.0 = Release|x64
		{C7CD6127-DD12-4D8E-8C0C-A5C8E7DB04E9}.Release|x86.ActiveCfg = Release|Win32
		{C7CD6127-DD12-4D8E-8C0C-A5C8E7DB04E9}.Release|x86.Build.0 = Release|Win32
		{64F88F21-9E5F-4F92-AC36-461DC4C1BF47}.Debug|x64.ActiveCfg = Debug|x64
		{64F88F21-9E5F-4F92-AC36-461DC4C1BF47}.Debug|x64.Build.0 = Debug|x64
		{64F88F21-9E5F-4F92-AC36-461DC4C1BF47}.Debug|x86.ActiveCfg = Debug|Win32
		{64F88F21-9E5F-4F92-AC36-461DC4C1BF47}.Debug|x86.Build.0 = Debug|Win32
		{64F88F21-9E5F-4F92-AC36-461DC4C1BF47}.Release|x64.ActiveCfg = Release|x64
		{64F88F21-9E5F-4F92-AC36-461DC4C1BF47}.Release|x64.Build.0 = Release|x64
		{64F88F21-9E5F-4F92-AC36-461DC4C1BF47}.Release|x86.ActiveCfg = Release|Win32
		{64F88F21-9E5F-4F92-AC36-461DC4C1BF47}.Release|x86.Build.0 = Release|Win32
		{64AB4E3B-C964-47D0-9BB2-020179890976}.Debug|x64.ActiveCfg = Debug|x64
		{64AB4E3B-C964-47D0-9BB2-020179890976}.Debug|x64.Build.0 = Debug|x64
		{64AB4E3B-C964-47D0-9BB2-020179890976}.Debug|x86.ActiveCfg = Debug|Win32
		{64AB4E3B-C964-47D0-9BB2-020179890976}.Debug|x86.Build.0 = Debug|Win32
		{64AB4E3B-C964-47D0-9BB2-020179890976}.Release|x64.ActiveCfg = Release|x64
		{64AB4E3B-C964-47D0-9BB2-020179890976}.Release|x64.Build.0 = Release|x64
		{64AB4E3B-C964-47D0-9BB2-020179890976}.Release|x86.ActiveCfg = Release|Win32
		{64AB4E3B-C964-47D0-9BB2-020179890976}.Release|x86.Build.0 = Release|Win32
		{1A4E21A2-95D5-4C7B-882B-3007D800EAA2}.Debug|x64.ActiveCfg = Debug|x64
		{1A4E21A2-95D5-4C7B-882B-3007D800EAA2}.Debug|x64.Build.0 = Debug|x64
		{1A4E21A2-95D5-4C7B-882B-3007D800EAA2}.Debug|x86.ActiveCfg = Debug|Win32
		{1A4E21A2-95D5-4C7B-882B-3007D800EAA2}.Debug|x86.Build.0 = Debug|Win32
		{1A4E21A2-95D5-4C7B-882B-3007D800EAA2}.Release|x64.ActiveCfg = Release|x64
		{1A4E21A2-95D5-4C7B-882B-3007D800EAA2}.Release|x64.Build.0 = Release|x64
		{1A4E21A2-95D5-4C7B-882B-3007D800EAA2}.Release|x86.ActiveCfg = Release|Win32
		{1A4E21A2-95D5-4C7B-882B-3007D800EAA2}.Release|x86.Build.0 = Release|Win32
		{C257F696-4AB6-4EEE-87FD-8B4D1997136A}.Debug|x64.ActiveCfg = Debug|x64
		{C257F696-4AB6-4EEE-87FD-8B4D1997136A}.Debug|x64.Build.0 = Debug|x64
		{C257F696-4AB6-4EEE-87FD-8B4D1997136A}.Debug|x86.ActiveCfg = Debug|Win32
		{C257F696-4AB6-4EEE-87FD-8B4D1997136A}.Debug|x86.Build.0 = Debug|Win32
		{C257F696-4AB6-4EEE-87FD-8B4D1997136A}.Release|x64.ActiveCfg = Release|x64
		{C257F696-4AB6-4EEE-87FD-8B4D1997136A}.Release|x64.Build.0 = Release|x64
		{C257F696-4AB6-4EEE-87FD-8B4D1997136A}.Release|x86.ActiveCfg = Release|Win32
		{C257F696-4AB6-4EEE-87FD-8B4D1997136A}.Release|x86.Build.0 = Release|Win32
		{3F93C2F5-2D7B-4A0D-BF8D-25C5F4E05951}.Debug|x64.ActiveCfg = Debug|x64
		{3F93C2F5-2D7B-4A0D-BF8D-25C5F4E05951}.Debug|x64.Build.0 = Debug|x64
		{3F93C2F5-2D7B-4A0D-BF8D-25C5F4E05951}.Debug|x86.ActiveCfg = Debug|Win32
		{3F93C2F5-2D7B-4A0D-BF8D-25C5F4E05951}.Debug|x86.Build.0 = Debug|Win32
		{3F93C2F5-2D7B-4A0D-BF8D-25C5F4E05951}.Release|x64.ActiveCfg = Release|x64
		{3F93C2F5-2D7B-4A0D-BF8D-25C5F4E05951}.Release|x64.Build.0 = Release|x64
		{3F93C2F5-2D7B-4A0D-BF8D-25C5F4E05951}.Release|x86.ActiveCfg = Release|Win32
		{3F93C2F5-2D7B-4A0D-BF8D-25C5F4E05951}.Release|x86.Build.0 = Release|Win32
		{73DA8CA5-FCC0-4350-9F6B-41E6F6254799}.Debug|x64.ActiveCfg = Debug|x64
		{73DA8CA5-FCC0-4350-9F6B-41E6F6254799}.Debug|x64.Build.0 = Debug|x64
		{73DA8CA5-FCC0-4350-9F6B-41E6F6254799}.Debug|x86.ActiveCfg = Debug|Win32
		{73DA8CA5-FCC0-4350-9F6B-41E6F6254799}.Debug|x86.Build.0 = Debug|Win32
		{73DA8CA5-FCC0-4350-9F6B-41E6F6254799}.Release|x64.ActiveCfg = Release|x64
		{73DA8CA5-FCC0-4350-9F6B-41E6F6254799}.Release|x64.Build.0 = Release|x64
		{73DA8CA5-FCC0-4350-9F6B-41E6F6254799}.Release|x86.ActiveCfg = Release|Win32
		{73DA8CA5-FCC0-4350-9F6B-41E6F6254799}.Release|x86.Build.0 = Release|Win32
		{39E0328D-2605-42BF-8AAF-B639A0316550}.Debug|x64.ActiveCfg = Debug|x64
		{39E0328D-2605-42BF-8AAF-B639A0316550}.Debug|x64.Build.0 = Debug|x64
		{39E0328D-2605-42BF-8AAF-B639A0316550}.Debug|x86.ActiveCfg = Debug|Win32
		{39E0328D-2605-42BF-8AAF-B639A0316550}.Debug|x86.Build.0 = Debug|Win32
		{39E0328D-2605-42BF-8AAF-B639A0316550}.Release|x64.ActiveCfg = Release|x64
		{39E0328D-2605-42BF-8AAF-B639A0316550}.Release|x64.Build.0 = Release|x64
		{39E0328D-2605-42BF-8AAF-B639A0316550}.Release|x86.ActiveCfg = Release|Win32
		{39E0328D-2605-42BF-8AAF-B639A0316550}.Release|x86.Build.0 = Release|Win32
		{9743AC9D-52D2-4477-BAED-B78845A20820}.Debug|x64.ActiveCfg = Debug|x64
		{9743AC9D-52D2-4477-BAED-B78845A20820}.Debug|x64.Build.0 = Debug|x64
		{9743AC9D-52D2-4477-BAED-B78845A20820}.Debug|x86.ActiveCfg = Debug|Win32
		{9743AC9D-52D2-4477-BAED-B78845A20820}.Debug|x86.Build.0 = Debug|Win32
		{9743AC9D-52D2-4477-BAED-B78845A20820}.Release|x64.ActiveCfg = Release|x64
		{9743AC9D-52D2-4477-BAED-B78845A20820}.Release|x64.Build.0 = Release|x64
		{9743AC9D-52D2-4477-BAED-B78845A20820}.Release|x86.ActiveCfg = Release|Win32
		{9743AC9D-52D2-4477-BAED-B78845A20820}.Release|x86.Build.0 = Release|Win32
		{2C69EDA6-0E3C-4432-B2CF-A3A39B26E892}.Debug|x64.ActiveCfg = Debug|x64
		{2C69EDA6-0E3C-4432-B2CF-A3A39B26E892}.Debug|x64.Build.0 = Debug|x64
		{2C69EDA6-0E3C-4432-B2CF-A3A39B26E892}.Debug|x86.ActiveCfg = Debug|Win32
		{2C69EDA6-0E3C-4432-B2CF-A3A39B26E892}.Debug|x86.Build.0 = Debug|Win32
		{2C69EDA6-0E3C-4432-B2CF-A3A39B26E892}.Release|x64.ActiveCfg = Release|x64
		{2C69EDA6-0E3C-4432-B2CF-A3A39B26E892}.Release|x64.Build.0 = Release|x64
		{2C69EDA6-0E3C-4432-B2CF-A3A39B26E892}.Release|x86.ActiveCfg = Release|Win32
		{2C69EDA6-0E3C-4432-B2CF-A3A39B26E892}.Release|x86.Build.0 = Release|Win32
		{010B2F08-B317-481F-A4FB-B6AB24F071CC}.Debug|x64.ActiveCfg = Debug|x64
		{010B2F08-B317-481F-A4FB-B6AB24F071CC}.Debug|x64.Build.0 = Debug|x64
		{010B2F08-B317-481F-A4FB-B6AB24F071CC}.Debug|x86.ActiveCfg = Debug|Win32
		{010B2F08-B317-481F-A4FB-B6AB24F071CC}.Debug|x86.Build.0 = Debug|Win32
		{010B2F08-B317-481F-A4FB-B6AB24F071CC}.Release|x64.ActiveCfg = Release|x64
		{010B2F08-B317-481F-A4FB-B6AB24F071CC}.Release|x64.Build.0 = Release|x64
		{010B2F08-B317-481F-A4FB-B6AB24F071CC}.Release|x86.ActiveCfg = Release|Win32
		{010B2F08-B317-481F-A4FB-B6AB24F071CC}.Release|x86.Build.0 = Release|Win32
		{76ABEF3E-4FAB-4C80-B6D7-9D4742A4ED10}.Debug|x64.ActiveCfg = Debug|x64
		{76ABEF3E-4FAB-4C80-B6D7-9D4742A4ED10}.Debug|x64.Build.0 = Debug|x64
		{76ABEF3E-4FAB-4C80-B6D7-9D4742A4ED10}.Debug|x86.ActiveCfg = Debug|Win32
		{76ABEF3E-4FAB-4C80-B6D7-9D4742A4ED10}.Debug|x86.Build.0 = Debug|Win32
		{76ABEF3E-4FAB-4C80-B6D7-9D4742A4ED10}.Release|x64.ActiveCfg = Release|x64
		{76ABEF3E-4FAB-4C80-B6D7-9D4742A4ED10}.Release|x64.Build.0 = Release|x64
		{76ABEF3E-4FAB-4C80-B6D7-9D4742A4ED10}.Release|x86.ActiveCfg = Release|Win32
		{76ABEF3E-4FAB-4C80-B6D7-9D4742A4ED10}.Release|x86.Build.0 = Release|Win32
		{7F30BD14-A23B-4E50-9391-33D484840B95}.Debug|x64.ActiveCfg = Debug|x64
		{7F30BD14-A23B-4E50-9391-33D484840B95}.Debug|x64.Build.0 = Debug|x64
		{7F30BD14-A23B-4E50-9391-33D484840B95}.Debug|x86.ActiveCfg = Debug|Win32
		{7F30BD14-A23B-4E50-9391-33D484840B95}.Debug|x86.Build.0 = Debug|Win32
		{7F30BD14-A23B-4E50-9391-33D484840B95}.Release|x64.ActiveCfg = Release|x64
		{7F30BD14-A23B-4E50-9391-33D484840B95}.Release|x64.Build.0 = Release|x64
		{7F30BD14-A23B-4E50-9391-33D484840B95}.Release|x86.ActiveCfg = Release|Win32
		{7F30BD14-A23B-4E50-9391-33D484840B95}.Release|x86.Build.0 = Release|Win32
		{EF1A0B4C-392F-4777-B481-0B083E72C844}.Debug|x64.ActiveCfg = Debug|x64
		{EF1A0B4C-392F-4777-B481-0B083E72C844}.Debug|x64.Build.0 = Debug|x64
		{EF1A0B4C-392F-4777-B481-0B083E72C844}.Debug|x86.ActiveCfg = Debug|Win32
		{EF1A0B4C-392F-4777-B481-0B083E72C844}.Debug|x86.Build.0 = Debug|Win32
		{EF1A0B4C-392F-4777-B481-0B083E72C844}.Release|x64.ActiveCfg = Release|x64
		{EF1A0B4C-392F-4777-B481-0B083E72C844}.Release|x64.Build.0 = Release|x64
		{EF1A0B4C-392F-4777-B481-0B083E72C844}.Release|x86.ActiveCfg = Release|Win32
		{EF1A0B4C-392F-4777-B481-0B083E72C844}.Release|x86.Build.0 = Release|Win32
		{BA33AB7A-DAA0-4147-9BAA-F9B8EB7FB46B}.Debug|x64.ActiveCfg = Debug|x64
		{BA33AB7A-DAA0-4147-9BAA-F9B8EB7FB46B}.Debug|x64.Build.0 = Debug|x64
		{BA33AB7A-DAA0-4147-9BAA-F9B8EB7FB46B}.Debug|x86.ActiveCfg = Debug|Win32
		{BA33AB7A-DAA0-4147-9BAA-F9B8EB7FB46B}.Debug|x86.Build.0 = Debug|Win32
		{BA33AB7A-DAA0-4147-9BAA-F9B8EB7FB46B}.Release|x64.ActiveCfg = Release|x64
		{BA33AB7A-DAA0-4147-9BAA-F9B8EB7FB46B}.Release|x64.Build.0 = Release|x64
		{BA33AB7A-DAA0-4147-9BAA-F9B8EB7FB46B}.Release|x86.ActiveCfg = Release|Win32
		{BA33AB7A-DAA0-4147-9BAA-F9B8EB7FB46B}.Release|x86.Build.0 = Release|Win32
		{E198D506-5878-4F4A-954D-C488EA4C5A0C}.Debug|x64.ActiveCfg = Debug|x64
		{E198D506-5878-4F4A-954D-C488EA4C5A0C}.Debug|x64.Build.0 = Debug|x64
		{E198D506-5878-4F4A-954D-C488EA4C5A0C}.Debug|x86.ActiveCfg = Debug|Win32
		{E198D506-5878-4F4A-954D-C488EA4C5A0C}.Debug|x86.Build.0 = Debug|Win32
		{E198D506-5878-4F4A-954D-C488EA4C5A0C}.Release|x64.ActiveCfg = Release|x64
		{E198D506-5878-4F4A-954D-C488EA4C5A0C}.Release|x64.Build.0 = Release|x64
		{E198D506-5878-4F4A-954D-C488EA4C5A0C}.Release|x86.ActiveCfg = Release|Win32
		{E198D506-5878-4F4A-954D-C488EA4C5A0C}.Release|x86.Build.0 = Release|Win32
		{E643A6BE-2AFC-4051-BF40-2A54B04C36E1}.Debug|x64.ActiveCfg = Debug|x64
		{E643A6BE-2AFC-4051-BF40-2A54B04C36E1}.Debug|x64.Build.0 = Debug|x64
		{E643A6BE-2AFC-4051-BF40-2A54B04C36E1}.Debug|x86.ActiveCfg = Debug|Win32
		{E643A6BE-2AFC-4051-BF40-2A54B04C36E1}.Debug|x86.Build.0 = Debug|Win32
		{E643A6BE-2AFC-4051-BF40-2A54B04C36E1}.Release|x64.ActiveCfg = Release|x64
		{E643A6BE-2AFC-4051-BF40-2A54B04C36E1}.Release|x64.Build.0 = Release|x64
		{E643A6BE-2AFC-4051-BF40-2A54B04C36E1}.Release|x86.ActiveCfg = Release|Win32
		{E643A6BE-2AFC-4051-BF40-2A54B04C36E1}.Release|x86.Build.0 = Release|Win32
		{7531FE1B-B69C-4F39-B323-5693791EFF3B}.Debug|x64.ActiveCfg = Debug|x64
		{7531FE1B-B69C-4F39-B323-5693791EFF3B}.Debug|x64.Build.0 = Debug|x64
		{7531FE1B-B69C-4F39-B323-5693791EFF3B}.Debug|x86.ActiveCfg = Debug|Win32
		{7531FE1B-B69C-4F39-B323-5693791EFF3B}.Debug|x86.Build.0 = Debug|Win32
		{7531FE1B-B69C-4F39-B323-5693791EFF3B}.Release|x64.ActiveCfg = Release|x64
		{7531FE1B-B69C-4F39-B323-5693791EFF3B}.Release|x64.Build.0 = Release|x64
		{7531FE1B-B69C-4F39-B323-5693791EFF3B}.Release|x86.ActiveCfg = Release|Win32
		{7531FE1B-B69C-4F39-B323-5693791EFF3B}.Release|x86.Build.0 = Release|Win32
		{B032A908-B1BF-496B-B9B0-55B1A9690575}.Debug|x64.ActiveCfg = Debug|x64
		{B032A908-B1BF-496B-B9B0-55B1A9690575}.Debug|x64.Build.0 = Debug|x64
		{B032A908-B1BF-496B-B9B0-55B1A9690575}.Debug|x86.ActiveCfg = Debug|Win32
		{B032A908-B1BF-496B-B9B0-55B1A9690575}.Debug|x86.Build.0 = Debug|Win32
		{B032A908-B1BF-496B-B9B0-55B1A9690575}.Release|x64.ActiveCfg = Release|x64
		{B032A908-B1BF-496B-B9B0-55B1A9690575}.Release|x64.Build.0 = Release|x64
		{B032A908-B1BF-496B-B9B0-55B1A9690575}.Release|x86.ActiveCfg = Release|Win32
		{B032A908-B1BF-496B-B9B0-55B1A9690575}.Release|x86.Build.0 = Release|Win32
		{D2CDD22B-47C6-47CB-99BE-C7A87BEBE0CF}.Debug|x64.ActiveCfg = Debug|x64
		{D2CDD22B-47C6-47CB-99BE-C7A87BEBE0CF}.Debug|x64.Build.0 = Debug|x64
		{D2CDD22B-47C6-47CB-99BE-C7A87BEBE0CF}.Debug|x86.ActiveCfg = Debug|Win32
		{D2CDD22B-47C6-47CB-99BE-C7A87BEBE0CF}.Debug|x86.Build.0 = Debug|Win32
		{D2CDD22B-47C6-47CB-99BE-C7A87BEBE0CF}.Release|x64.ActiveCfg = Release|x64
		{D2CDD22B-47C6-47CB-99BE-C7A87BEBE0CF}.Release|x64.Build.0 = Release|x64
		{D2CDD22B-47C6-47CB-99BE-C7A87BEBE0CF}.Release|x86.ActiveCfg = Release|Win32
		{D2CDD22B-47C6-47CB-99BE-C7A87BEBE0CF}.Release|x86.Build.0 = Release|Win32
		{2B4493EF-7FB8-4AFE-86A6-E4A962290238}.Debug|x64.ActiveCfg = Debug|x64
		{2B4493EF-7FB8-4AFE-86A6-E4A962290238}.Debug|x64.Build.0 = Debug|x64
		{2B4493EF-7FB8-4AFE-86A6-E4A962290238}.Debug|x86.ActiveCfg = Debug|Win32
		{2B4493EF-7FB8-4AFE-86A6-E4A962290238}.Debug|x86.Build.0 = Debug|Win32
		{2B4493EF-7FB8-4AFE-86A6-E4A962290238}.Release|x64.ActiveCfg = Release|x64
		{2B4493EF-7FB8-4AFE-86A6-E4A962290238}.Release|x64.Build.0 = Release|x64
		{2B4493EF-7FB8-4AFE-86A6-E4A962290238}.Release|x86.ActiveCfg = Release|Win32
		{2B4493EF-7FB8-4AFE-86A6-E4A962290238}.Release|x86.Build.0 = Release|Win32
		{6A4C8486-F786-47BD-9C19-3370B6287099}.Debug|x64.ActiveCfg = Debug|x64
		{6A4C8486-F786-47BD-9C19-3370B6287099}.Debug|x64.Build.0 = Debug|x64
		{6A4C8486-F786-47BD-9C19-3370B6287099}.Debug|x86.ActiveCfg = Debug|Win32
		{6A4C8486-F786-47BD-9C19-3370B6287099}.Debug|x86.Build.0 = Debug|Win32
		{6A4C8486-F786-47BD-9C19-3370B6287099}.Release|x64.ActiveCfg = Release|x64
		{6A4C8486-F786-47BD-9C19-3370B6287099}.Release|x64.Build.0 = Release|x64
		{6A4C8486-F786-47BD-9C19-3370B6287099}.Release|x86.ActiveCfg = Release|Win32
		{6A4C8486-F786-47BD-9C19-3370B6287099}.Release|x86.Build.0 = Release|Win32
		{B1F018F2-2960-4BAD-B81B-F9FDEAF78A39}.Debug|x64.ActiveCfg = Debug|x64
		{B1F018F2-2960-4BAD-B81B-F9FDEAF78A39}.Debug|x64.Build.0 = Debug|x64
		{B1F018F2-2960-4BAD-B81B-F9FDEAF78A39}.Debug|x86.ActiveCfg = Debug|Win32
		{B1F018F2-2960-4BAD-B81B-F9FDEAF78A39}.Debug|x86.Build.0 = Debug|Win32
		{B1F018F2-2960-4BAD-B81B-F9FDEAF78A39}.Release|x64.ActiveCfg = Release|x64
		{B1F018F2-2960-4BAD-B81B-F9FDEAF78A39}.Release|x64.Build.0 = Release|x64
		{B1F018F2-2960-4BAD-B81B-F9FDEAF78A39}.Release|x86.ActiveCfg = Release|Win32
		{B1F018F2-2960-4BAD-B81B-F9FDEAF78A39}.Release|x86.Build.0 = Release|Win32
		{FBE86A05-8026-406B-9BDB-5E831E269446}.Debug|x64.ActiveCfg = Debug|x64
		{FBE86A05-8026-406B-9BDB-5E831E269446}.Debug|x64.Build.0 = Debug|x64
		{FBE86A05-8026-406B-9BDB-5E831E269446}.Debug|x86.ActiveCfg = Debug|Win32
		{FBE86A05-8026-406B-9BDB-5E831E269446}.Debug|x86.Build.0 = Debug|Win32
		{FBE86A05-8026-406B-9BDB-5E831E269446}.Release|x64.ActiveCfg = Release|x64
		{FBE86A05-8026-406B-9BDB-5E831E269446}.Release|x64.Build.0 = Release|x64
		{FBE86A05-8026-406B-9BDB-5E831E269446}.Release|x86.ActiveCfg = Release|Win32
		{FBE86A05-8026-406B-9BDB-5E831E269446}.Release|x86.Build.0 = Release|Win32
		{5E1FE3F2-EF5F-4A53-B17B-43D586F9D81C}.Debug|x64.ActiveCfg = Debug|x64
		{5E1FE3F2-EF5F-4A53-B17B-43D586F9D81C}.Debug|x64.Build.0 = Debug|x64
		{5E1FE3F2-EF5F-4A53-B17B-43D586F9D81C}.Debug|x86.ActiveCfg = Debug|Win32
		{5E1FE3F2-EF5F-4A53-B17B-43D586F9D81C}.Debug|x86.Build.0 = Debug|Win32
		{5E1FE3F2-EF5F-4A53-B17B-43D586F9D81C}.Release|x64.ActiveCfg = Release|x64
		{5E1FE3F2-EF5F-4A53-B17B-43D586F9D81C}.Release|x64.Build.0 = Release|x64
		{5E1FE3F2-EF5F-4A53-B17B-43D586F9D81C}.Release|x86.ActiveCfg = Release|Win32
		{5E1FE3F2-EF5F-4A53-B17B-43D586F9D81C}.Release|x86.Build.0 = Release|Win32
		{4A2B8EA7-0831-4559-97EE-3D7574450436}.Debug|x64.ActiveCfg = Debug|x64
		{4A2B8EA7-0831-4559-97EE-3D7574450436}.Debug|x64.Build.0 = Debug|x64
		{4A2B8EA7-0831-4559-97EE-3D7574450436}.Debug|x86.ActiveCfg = Debug|Win32
		{4A2B8EA7-0831-4559-97EE-3D7574450436}.Debug|x86.Build.0 = Debug|Win32
		{4A2B8EA7-0831-4559-97EE-3D7574450436}.Release|x64.ActiveCfg = Release|x64
		{4A2B8EA7-0831-4559-97EE-3D7574450436}.Release|x64.Build.0 = Release|x64
		{4A2B8EA7-0831-4559-97EE-3D7574450436}.Release|x86.ActiveCfg = Release|Win32
		{4A2B8EA7-0831-4559-97EE-3D7574450436}.Release|x86.Build.0 = Release|Win32
		{046917C2-BB33-4A98-A1A7-7D9AB86D74E4}.Debug|x64.ActiveCfg = Debug|x64
		{046917C2-BB33-4A98-A1A7-7D9AB86D74E4}.Debug|x64.Build.0 = Debug|x64
		{046917C2-BB33-4A98-A1A7-7D9AB86D74E4}.Debug|x86.ActiveCfg = Debug|Win32
		{046917C2-BB33-4A98-A1A7-7D9AB86D74E4}.Debug|x86.Build.0 = Debug|Win32
		{046917C2-BB33-4A98-A1A7-7D9AB86D74E4}.Release|x64.ActiveCfg = Release|x64
		{046917C2-BB33-4A98-A1A7-7D9AB86D74E4}.Release|x64.Build.0 = Release|x64
		{046917C2-BB33-4A98-A1A7-7D9AB86D74E4}.Release|x86.ActiveCfg = Release|Win32
		{046917C2-BB33-4A98-A1A7-7D9AB86D74E4}.Release|x86.Build.0 = Release|Win32
		{3C25415E-F565-4EFD-8A94-13E84BD6CE33}.Debug|x64.ActiveCfg = Debug|x64
		{3C25415E-F565-4EFD-8A94-13E84BD6CE33}.Debug|x64.Build.0 = Debug|x64
		{3C25415E-F565-4EFD-8A94-13E84BD6CE33}.Debug|x86.ActiveCfg = Debug|Win32
		{3C25415E-F565-4EFD-8A94-13E84BD6CE33}.Debug|x86.Build.0 = Debug|Win32
		{3C25415E-F565-4EFD-8A94-13E84BD6CE33}.Release|x64.ActiveCfg = Release|x64
		{3C25415E-F565-4EFD-8A94-13E84BD6CE33}.Release|x64.Build.0 = Release|x64
		{3C25415E-F565-4EFD-8A94-13E84BD6CE33}.Release|x86.ActiveCfg = Release|Win32
		{3C25415E-F565-4EFD-8A94-13E84BD6CE33}.Release|x86.Build.0 = Release|Win32
		{8ABF0DEB-14F4-4A61-BD3E-1A491DB5A123}.Debug|x64.ActiveCfg = Debug|x64
		{8ABF0DEB-14F4-4A61-BD3E-1A491DB5A123}.Debug|x64.Build.0 = Debug|x64
		{8ABF0DEB-14F4-4A61-BD3E-1A491DB5A123}.Debug|x86.ActiveCfg = Debug|Win32
		{8ABF0DEB-14F4-4A61-BD3E-1A491DB5A123}.Debug|x86.Build.0 = Debug|Win32
		{8ABF0DEB-14F4-4A61-BD3E-1A491DB5A123}.Release|x64.ActiveCfg = Release|x64
		{8ABF0DEB-14F4-4A61-BD3E-1A491DB5A123}.Release|x64.Build.0 = Release|x64
		{8ABF0DEB-14F4-4A61-BD3E-1A491DB5A123}.Release|x86.ActiveCfg = Release|Win32
		{8ABF0DEB-14F4-4A61-BD3E-1A491DB5A123}.Release|x86.Build.0 = Release|Win32
		{E76AFFF0-5108-41CB-9A82-0EE3E8272C65}.Debug|x64.ActiveCfg = Debug|x64
		{E76AFFF0-5108-41CB-9A82-0EE3E8272C65}.Debug|x64.Build.0 = Debug|x64
		{E76AFFF0-5108-41CB-9A82-0EE3E8272C65}.Debug|x86.ActiveCfg = Debug|Win32
		{E76AFFF0-5108-41CB-9A82-0EE3E8272C65}.Debug|x86.Build.0 = Debug|Win32
		{E76AFFF0-5108-41CB-9A82-0EE3E8272C65}.Release|x64.ActiveCfg = Release|x64
		{E76AFFF0-5108-41CB-9A82-0EE3E8272C65}.Release|x64.Build.0 = Release|x64
		{E76AFFF0-5108-41CB-9A82-0EE3E8272C65}.Release|x86.ActiveCfg = Release|Win32
		{E76AFFF0-5108-41CB-9A82-0EE3E8272C65}.Release|x86.Build.0 = Release|Win32
		{2E2E7373-4E28-479E-ACD3-A089238819B6}.Debug|x64.ActiveCfg = Debug|x64
		{2E2E7373-4E28-479E-ACD3-A089238819B6}.Debug|x64.Build.0 = Debug|x64
		{2E2E7373-4E28-479E-ACD3-A089238819B6}.Debug|x86.ActiveCfg = Debug|Win32
		{2E2E7373-4E28-479E-ACD3-A089238819B6}.Debug|x86.Build.0 = Debug|Win32
		{2E2E7373-4E28-479E-ACD3-A089238819B6}.Release|x64.ActiveCfg = Release|x64
		{2E2E7373-4E28-479E-ACD3-A089238819B6}.Release|x64.Build.0 = Release|x64
		{2E2E7373-4E28-479E-ACD3-A089238819B6}.Release|x86.ActiveCfg = Release|Win32
		{2E2E7373-4E28-479E-ACD3-A089238819B6}.Release|x86.Build.0 = Release|Win32
		{AFD4AB5F-40AD-4FDB-BE29-C5948CAF98A3}.Debug|x64.ActiveCfg = Debug|x64
		{AFD4AB5F-40AD-4FDB-BE29-C5948CAF98A3}.Debug|x64.Build.0 = Debug|x64
		{AFD4AB5F-40AD-4FDB-BE29-C5948CAF98A3}.Debug|x86.ActiveCfg = Debug|Win32
		{AFD4AB5F-40AD-4FDB-BE29-C5948CAF98A3}.Debug|x86.Build.0 = Debug|Win32
		{AFD4AB5F-40AD-4FDB-BE29-C5948CAF98A3}.Release|x64.ActiveCfg = Release|x64
		{AFD4AB5F-40AD-4FDB-BE29-C5948CAF98A3}.Release|x64.Build.0 = Release|x64
		{AFD4AB5F-40AD-4FDB-BE29-C5948CAF98A3}.Release|x86.ActiveCfg = Release|Win32
		{AFD4AB5F-40AD-4FDB-BE29-C5948CAF98A3}.Release|x86.Build.0 = Release|Win32
		{417B85DF-9B97-4BDB-93E0-77B0DA835966}.Debug|x64.ActiveCfg = Debug|x64
		{417B85DF-9B97-4BDB-93E0-77B0DA835966}.Debug|x64.Build.0 = Debug|x64
		{417B85DF-9B97-4BDB-93E0-77B0DA835966}.Debug|x86.ActiveCfg = Debug|Win32
		{417B85DF-9B97-4BDB-93E0-77B0DA835966}.Debug|x86.Build.0 = Debug|Win32
		{417B85DF-9B97-4BDB-93E0-77B0DA835966}.Release|x64.ActiveCfg = Release|x64
		{417B85DF-9B97-4BDB-93E0-77B0DA835966}.Release|x64.Build.0 = Release|x64
		{417B85DF-9B97-4BDB-93E0-77B0DA835966}.Release|x86.ActiveCfg = Release|Win32
		{417B85DF-9B97-4BDB-93E0-77B0DA835966}.Release|x86.Build.0 = Release|Win32
		{EDAB2106-5C99-4A6C-9D66-3B8C2B635F6C}.Debug|x64.ActiveCfg = Debug|x64
		{EDAB2106-5C99-4A6C-9D66-3B8C2B635F6C}.Debug|x64.Build.0 = Debug|x64
		{EDAB2106-5C99-4A6C-9D66-3B8C2B635F6C}.Debug|x86.ActiveCfg = Debug|Win32
		{EDAB2106-5C99-4A6C-9D66-3B8C2B635F6C}.Debug|x86.Build.0 = Debug|Win32
		{EDAB2106-5C99-4A6C-9D66-3B8C2B635F6C}.Release|x64.ActiveCfg = Release|x64
		{EDAB2106-5C99-4A6C-9D66-3B8C2B635F6C}.Release|x64.Build.0 = Release|x64
		{EDAB2106-5C99-4A6C-9D66-3B8C2B635F6C}.Release|x86.ActiveCfg = Release|Win32
		{EDAB2106-5C99-4A6C-9D66-3B8C2B635F6C}.Release|x86.Build.0 = Release|Win32
		{A13EDB89-C752-439F-95C3-EF460FBB4E3C}.Debug|x64.ActiveCfg = Debug|x64
		{A13EDB89-C752-439F-95C3-EF460FBB4E3C}.Debug|x64.Build.0 = Debug|x64
		{A13EDB89-C752-439F-95C3-EF460FBB4E3C}.Debug|x86.ActiveCfg = Debug|Win32
		{A13EDB89-C752-439F-95C3-EF460FBB4E3C}.Debug|x86.Build.0 = Debug|Win32
		{A13EDB89-C752-439F-95C3-EF460FBB4E3C}.Release|x64.ActiveCfg = Release|x64
		{A13EDB89-C752-439F-95C3-EF460FBB4E3C}.Release|x64.Build.0 = Release|x64
		{A13EDB89-C752-439F-95C3-EF460FBB4E3C}.Release|x86.ActiveCfg = Release|Win32
		{A13EDB89-C752-439F-95C3-EF460FBB4E3C}.Release|x86.Build.0 = Release|Win32
		{0513864F-85DF-4FE2-883A-AB29D9ACDDE6}.Debug|x64.ActiveCfg = Debug|x64
		{0513864F-85DF-4FE2-883A-AB29D9ACDDE6}.Debug|x64.Build.0 = Debug|x64
		{0513864F-85DF-4FE2-883A-AB29D9ACDDE6}.Debug|x86.ActiveCfg = Debug|Win32
		{0513864F-85DF-4FE2-883A-AB29D9ACDDE6}.Debug|x86.Build.0 = Debug|Win32
		{0513864F-85DF-4FE2-883A-AB29D9ACDDE6}.Release|x64.ActiveCfg = Release|x64
		{0513864F-85DF-4FE2-883A-AB29D9ACDDE6}.Release|x64.Build.0 = Release|x64
		{0513864F-85DF-4FE2-883A-AB29D9ACDDE6}.Release|x86.ActiveCfg = Release|Win32
		{0513864F-85DF-4FE2-883A-AB29D9ACDDE6}.Release|x86.Build.0 = Release|Win32
		{B2B34072-19F8-4252-A609-6B499C716110}.Debug|x64.ActiveCfg = Debug|x64
		{B2B34072-19F8-4252-A609-6B499C716110}.Debug|x64.Build.0 = Debug|x64
		{B2B34072-19F8-4252-A609-6B499C716110}.Debug|x86.ActiveCfg = Debug|Win32
		{B2B34072-19F8-4252-A609-6B499C716110}.Debug|x86.Build.0 = Debug|Win32
		{B2B34072-19F8-4252-A609-6B499C716110}.Release|x64.ActiveCfg = Release|x64
		{B2B34072-19F8-4252-A609-6B499C716110}.Release|x64.Build.0 = Release|x64
		{B2B34072-19F8-4252-A609-6B499C716110}.Release|x86.ActiveCfg = Release|Win32
		{B2B34072-19F8-4252-A609-6B499C716110}.Release|x86.Build.0 = Release|Win32
		{5AA13556-E7ED-4EB9-9BF7-64BDB5C22AB0}.Debug|x64.ActiveCfg = Debug|x64
		{5AA13556-E7ED-4EB9-9BF7-64BDB5C22AB0}.Debug|x64.Build.0 = Debug|x64
		{5AA13556-E7ED-4EB9-9BF7-64BDB5C22AB0}.Debug|x86.ActiveCfg = Debug|Win32
		{5AA13556-E7ED-4EB9-9BF7-64BDB5C22AB0}.Debug|x86.Build.0 = Debug|Win32
		{5AA13556-E7ED-4EB9-9BF7-64BDB5C22AB0}.Release|x64.ActiveCfg = Release|x64
		{5AA13556-E7ED-4EB9-9BF7-64BDB5C22AB0}.Release|x64.Build.0 = Release|x64
		{5AA13556-E7ED-4EB9-9BF7-64BDB5C22AB0}.Release|x86.ActiveCfg = Release|Win32
		{5AA13556-E7ED-4EB9-9BF7-64BDB5C22AB0}.Release|x86.Build.0 = Release|Win32
		{80CE8389-9FBE-4D2E-B7AF-AC8DADA75A43}.Debug|x64.ActiveCfg = Debug|x64
		{80CE8389-9FBE-4D2E-B7AF-AC8DADA75A43}.Debug|x64.Build.0 = Debug|x64
		{80CE8389-9FBE-4D2E-B7AF-AC8DADA75A43}.Debug|x86.ActiveCfg = Debug|Win32
		{80CE8389-9FBE-4D2E-B7AF-AC8DADA75A43}.Debug|x86.Build.0 = Debug|Win32
		{80CE8389-9FBE-4D2E-B7AF-AC8DADA75A43}.Release|x64.ActiveCfg = Release|x64
		{80CE8389-9FBE-4D2E-B7AF-AC8DADA75A43}.Release|x64.Build.0 = Release|x64
		{80CE8389-9FBE-4D2E-B7AF-AC8DADA75A43}.Release|x86.ActiveCfg = Release|Win32
		{80CE8389-9FBE-4D2E-B7AF-AC8DADA75A43}.Release|x86.Build.0 = Release|Win32
		{718DB017-78D4-4439-A128-B6E77BD647BB}.Debug|x64.ActiveCfg = Debug|x64
		{718DB017-78D4-4439-A128-B6E77BD647BB}.Debug|x64.Build.0 = Debug|x64
		{718DB017-78D4-4439-A128-B6E77BD647BB}.Debug|x86.ActiveCfg = Debug|Win32
		{718DB017-78D4-4439-A128-B6E77BD647BB}.Debug|x86.Build.0 = Debug|Win32
		{718DB017-78D4-4439-A128-B6E77BD647BB}.Release|x64.ActiveCfg = Release|x64
		{718DB017-78D4-4439-A128-B6E77BD647BB}.Release|x64.Build.0 = Release|x64
		{718DB017-78D4-4439-A128-B6E77BD647BB}.Release|x86.ActiveCfg = Release|Win32
		{718DB017-78D4-4439-A128-B6E77BD647BB}.Release|x86.Build.0 = Release|Win32
		{20A2143F-5507-46EA-8999-727A39C1DAC9}.Debug|x64.ActiveCfg = Debug|x64
		{20A2143F-5507-46EA-8999-727A39C1DAC9}.Debug|x64.Build.0 = Debug|x64
		{20A2143F-5507-46EA-8999-727A39C1DAC9}.Debug|x86.ActiveCfg = Debug|Win32
		{20A2143F-5507-46EA-8999-727A39C1DAC9}.Debug|x86.Build.0 = Debug|Win32
		{20A2143F-5507-46EA-8999-727A39C1DAC9}.Release|x64.ActiveCfg = Release|x64
		{20A2143F-5507-46EA-8999-727A39C1DAC9}.Release|x64.Build.0 = Release|x64
		{20A2143F-5507-46EA-8999-727A39C1DAC9}.Release|x86.ActiveCfg = Release|Win32
		{20A2143F-5507-46EA-8999-727A39C1DAC9}.Release|x86.Build.0 = Release|Win32
		{288583A4-0EA6-4102-B608-B4A505217B10}.Debug|x64.ActiveCfg = Debug|x64
		{288583A4-0EA6-4102-B608-B4A505217B10}.Debug|x64.Build.0 = Debug|x64
		{288583A4-0EA6-4102-B608-B4A505217B10}.Debug|x86.ActiveCfg = Debug|Win32
		{288583A4-0EA6-4102-B608-B4A505217B10}.Debug|x86.Build.0 = Debug|Win32
		{288583A4-0EA6-4102-B608-B4A505217B10}.Release|x64.ActiveCfg = Release|x64
		{288583A4-0EA6-4102-B608-B4A505217B10}.Release|x64.Build.0 = Release|x64
		{288583A4-0EA6-4102-B608-B4A505217B10}.Release|x86.ActiveCfg = Release|Win32
		{288583A4-0EA6-4102-B608-B4A505217B10}.Release|x86.Build.0 = Release|Win32
		{1B9BB74C-E3B0-45D3-8291-CAA89161E7AD}.Debug|x64.ActiveCfg = Debug|x64
		{1B9BB74C-E3B0-45D3-8291-CAA89161E7AD}.Debug|x64.Build.0 = Debug|x64
		{1B9BB74C-E3B0-45D3-8291-CAA89161E7AD}.Debug|x86.ActiveCfg = Debug|Win32
		{1B9BB74C-E3B0-45D3-8291-CAA89161E7AD}.Debug|x86.Build.0 = Debug|Win32
		{1B9BB74C-E3B0-45D3-8291-CAA89161E7AD}.Release|x64.ActiveCfg = Release|x64
		{1B9BB74C-E3B0-45D3-8291-CAA89161E7AD}.Release|x64.Build.0 = Release|x64
		{1B9BB74C-E3B0-45D3-8291-CAA89161E7AD}.Release|x86.ActiveCfg = Release|Win32
		{1B9BB74C-E3B0-45D3-8291-CAA89161E7AD}.Release|x86.Build.0 = Release|Win32
		{15CD5405-EFCE-4759-B9DC-25634DCA34AB}.Debug|x64.ActiveCfg = Debug|x64
		{15CD5405-EFCE-4759-B9DC-25634DCA34AB}.Debug|x64.Build.0 = Debug|x64
		{15CD5405-EFCE-4759-B9DC-25634DCA34AB}.Debug|x86.ActiveCfg = Debug|Win32
		{15CD5405-EFCE-4759-B9DC-25634DCA34AB}.Debug|x86.Build.0 = Debug|Win32
		{15CD5405-EFCE-4759-B9DC-25634DCA34AB}.Release|x64.ActiveCfg = Release|x64
		{15CD5405-EFCE-4759-B9DC-25634DCA34AB}.Release|x64.Build.0 = Release|x64
		{15CD5405-EFCE-4759-B9DC-25634DCA34AB}.Release|x86.ActiveCfg = Release|Win32
		{15CD5405-EFCE-4759-B9DC-25634DCA34AB}.Release|x86.Build.0 = Release|Win32
		{F4B4DE94-50F2-4681-9A2D-04D5310BE328}.Debug|x64.ActiveCfg = Debug|x64
		{F4B4DE94-50F2-4681-9A2D-04D5310BE328}.Debug|x64.Build.0 = Debug|x64
		{F4B4DE94-50F2-4681-9A2D-04D5310BE328}.Debug|x86.ActiveCfg = Debug|Win32
		{F4B4DE94-50F2-4681-9A2D-04D5310BE328}.Debug|x86.Build.0 = Debug|Win32
		{F4B4DE94-50F2-4681-9A2D-04D5310BE328}.Release|x64.ActiveCfg = Release|x64
		{F4B4DE94-50F2-4681-9A2D-04D5310BE328}.Release|x64.Build.0 = Release|x64
		{F4B4DE94-50F2-4681-9A2D-04D5310BE328}.Release|x86.ActiveCfg = Release|Win32
		{F4B4DE94-50F2-4681-9A2D-04D5310BE328}.Release|x86.Build.0 = Release|Win32
		{520B1827-EAF6-4F47-939D-E0C7D03D6387}.Debug|x64.ActiveCfg = Debug|x64
		{520B1827-EAF6-4F47-939D-E0C7D03D6387}.Debug|x64.Build.0 = Debug|x64
		{520B1827-EAF6-4F47-939D-E0C7D03D6387}.Debug|x86.ActiveCfg = Debug|Win32
		{520B1827-EAF6-4F47-939D-E0C7D03D6387}.Debug|x86.Build.0 = Debug|Win32
		{520B1827-EAF6-4F47-939D-E0C7D03D6387}.Release|x64.ActiveCfg = Release|x64
		{520B1827-EAF6-4F47-939D-E0C7D03D6387}.Release|x64.Build.0 = Release|x64
		{520B1827-EAF6-4F47-939D-E0C7D03D6387}.Release|x86.ActiveCfg = Release|Win32
		{520B1827-EAF6-4F47-939D-E0C7D03D6387}.Release|x86.Build.0 = Release|Win32
		{41C7A27C-AF4F-4735-AE21-695F0E969987}.Debug|x64.ActiveCfg = Debug|x64
		{41C7A27C-AF4F-4735-AE21-695F0E969987}.Debug|x64.Build.0 = Debug|x64
		{41C7A27C-AF4F-4735-AE21-695F0E969987}.Debug|x86.ActiveCfg = Debug|Win32
		{41C7A27C-AF4F-4735-AE21-695F0E969987}.Debug|x86.Build.0 = Debug|Win32
		{41C7A27C-AF4F-4735-AE21-695F0E969987}.Release|x64.ActiveCfg = Release|x64
		{41C7A27C-AF4F-4735-AE21-695F0E969987}.Release|x64.Build.0 = Release|x64
		{41C7A27C-AF4F-4735-AE21-695F0E969987}.Release|x86.ActiveCfg = Release|Win32
		{41C7A27C-AF4F-4735-AE21-695F0E969987}.Release|x86.Build.0 = Release|Win32
		{6DF55EF2-9CA1-4FB1-BA4E-6DE4046EF8D9}.Debug|x64.ActiveCfg = Debug|x64
		{6DF55EF2-9CA1-4FB1-BA4E-6DE4046EF8D9}.Debug|x64.Build.0 = Debug|x64
		{6DF55EF2-9CA1-4FB1-BA4E-6DE4046EF8D9}.Debug|x86.ActiveCfg = Debug|Win32
		{6DF55EF2-9CA1-4FB1-BA4E-6DE4046EF8D9}.Debug|x86.Build.0 = Debug|Win32
		{6DF55EF2-9CA1-4FB1-BA4E-6DE4046EF8D9}.Release|x64.ActiveCfg = Release|x64
		{6DF55EF2-9CA1-4FB1-BA4E-6DE4046EF8D9}.Release|x64.Build.0 = Release|x64
		{6DF55EF2-9CA1-4FB1-BA4E-6DE4046EF8D9}.Release|x86.ActiveCfg = Release|Win32
		{6DF55EF2-9CA1-4FB1-BA4E-6DE4046EF8D9}.Release|x86.Build.0 = Release|Win32
		{A8CE4140-29E2-4788-83E2-5F439A2E30DD}.Debug|x64.ActiveCfg = Debug|x64
		{A8CE4140-29E2-4788-83E2-5F439A2E30DD}.Debug|x64.Build.0 = Debug|x64
		{A8CE4140-29E2-4788-83E2-5F439A2E30DD}.Debug|x86.ActiveCfg = Debug|Win32
		{A8CE4140-29E2-4788-83E2-5F439A2E30DD}.Debug|x86.Build.0 = Debug|Win32
		{A8CE4140-29E2-4788-83E2-5F439A2E30DD}.Release|x64.ActiveCfg = Release|x64
		{A8CE4140-29E2-4788-83E2-5F439A2E30DD}.Release|x64.Build.0 = Release|x64
		{A8CE4140-29E2-4788-83E2-5F439A2E30DD}.Release|x86.ActiveCfg = Release|Win32
		{A8CE4140-29E2-4788-83E2-5F439A2E30DD}.Release|x86.Build.0 = Release|Win32
		{C6E66BFF-9AED-4FBF-A994-AB78A97D0E39}.Debug|x64.ActiveCfg = Debug|x64
		{C6E66BFF-9AED-4FBF-A994-AB78A97D0E39}.Debug|x64.Build.0 = Debug|x64
		{C6E66BFF-9AED-4FBF-A994-AB78A97D0E39}.Debug|x86.ActiveCfg = Debug|Win32
		{C6E66BFF-9AED-4FBF-A994-AB78A97D0E39}.Debug|x86.Build.0 = Debug|Win32
		{C6E66BFF-9AED-4FBF-A994-AB78A97D0E39}.Release|x64.ActiveCfg = Release|x64
		{C6E66BFF-9AED-4FBF-A994-AB78A97D0E39}.Release|x64.Build.0 = Release|x64
		{C6E66BFF-9AED-4FBF-A994-AB78A97D0E39}.Release|x86.ActiveCfg = Release|Win32
		{C6E66BFF-9AED-4FBF-A994-AB78A97D0E39}.Release|x86.Build.0 = Release|Win32
		{2A73C506-8B2F-46DD-9DD9-616B9DD0ED36}.Debug|x64.ActiveCfg = Debug|x64
		{2A73C506-8B2F-46DD-9DD9-616B9DD0ED36}.Debug|x64.Build.0 = Debug|x64
		{2A73C506-8B2F-46DD-9DD9-616B9DD0ED36}.Debug|x86.ActiveCfg = Debug|Win32
		{2A73C506-8B2F-46DD-9DD9-616B9DD0ED36}.Debug|x86.Build.0 = Debug|Win32
		{2A73C506-8B2F-46DD-9DD9-616B9DD0ED36}.Release|x64.ActiveCfg = Release|x64
		{2A73C506-8B2F-46DD-9DD9-616B9DD0ED36}.Release|x64.Build.0 = Release|x64
		{2A73C506-8B2F-46DD-9DD9-616B9DD0ED36}.Release|x86.ActiveCfg = Release|Win32
		{2A73C506-8B2F-46DD-9DD9-616B9DD0ED36}.Release|x86.Build.0 = Release|Win32
		{61B18B4F-F071-4C63-B041-EF76D632E255}.Debug|x64.ActiveCfg = Debug|x64
		{61B18B4F-F071-4C63-B041-EF76D632E255}.Debug|x64.Build.0 = Debug|x64
		{61B18B4F-F071-4C63-B041-EF76D632E255}.Debug|x86.ActiveCfg = Debug|Win32
		{61B18B4F-F071-4C63-B041-EF76D632E255}.Debug|x86.Build.0 = Debug|Win32
		{61B18B4F-F071-4C63-B041-EF76D632E255}.Release|x64.ActiveCfg = Release|x64
		{61B18B4F-F071-4C63-B041-EF76D632E255}.Release|x64.Build.0 = Release|x64
		{61B18B4F-F071-4C63-B041-EF76D632E255}.Release|x86.ActiveCfg = Release|Win32
		{61B18B4F-F071-4C63-B041-EF76D632E255}.Release|x86.Build.0 = Release|Win32
		{E2D234D2-C88F-4808-8EF6-51B80320DFC1}.Debug|x64.ActiveCfg = Debug|x64
		{E2D234D2-C88F-4808-8EF6-51B80320DFC1}.Debug|x64.Build.0 = Debug|x64
		{E2D234D2-C88F-4808-8EF6-51B80320DFC1}.Debug|x86.ActiveCfg = Debug|Win32
		{E2D234D2-C88F-4808-8EF6-51B80320DFC1}.Debug|x86.Build.0 = Debug|Win32
		{E2D234D2-C88F-4808-8EF6-51B80320DFC1}.Release|x64.ActiveCfg = Release|x64
		{E2D234D2-C88F-4808-8EF6-51B80320DFC1}.Release|x64.Build.0 = Release|x64
		{E2D234D2-C88F-4808-8EF6-51B80320DFC1}.Release|x86.ActiveCfg = Release|Win32
		{E2D234D2-C88F-4808-8EF6-51B80320DFC1}.Release|x86.Build.0 = Release|Win32
		{960576CE-6A2A-4C20-8EF1-15B3842785E9}.Debug|x64.ActiveCfg = Debug|x64
		{960576CE-6A2A-4C20-8EF1-15B3842785E9}.Debug|x64.Build.0 = Debug|x64
		{960576CE-6A2A-4C20-8EF1-15B3842785E9}.Debug|x86.ActiveCfg = Debug|Win32
		{960576CE-6A2A-4C20-8EF1-15B3842785E9}.Debug|x86.Build.0 = Debug|Win32
		{960576CE-6A2A-4C20-8EF1-15B3842785E9}.Release|x64.ActiveCfg = Release|x64
		{960576CE-6A2A-4C20-8EF1-15B3842785E9}.Release|x64.Build.0 = Release|x64
		{960576CE-6A2A-4C20-8EF1-15B3842785E9}.Release|x86.ActiveCfg = Release|Win32
		{960576CE-6A2A-4C20-8EF1-15B3842785E9}.Release|x86.Build.0 = Release|Win32
		{1CDB19D8-C3A0-4054-9AF3-6B150CB7CD5F}.Debug|x64.ActiveCfg = Debug|x64
		{1CDB19D8-C3A0-4054-9AF3-6B150CB7CD5F}.Debug|x64.Build.0 = Debug|x64
		{1CDB19D8-C3A0-4054-9AF3-6B150CB7CD5F}.Debug|x86.ActiveCfg = Debug|Win32
		{1CDB19D8-C3A0-4054-9AF3-6B150CB7CD5F}.Debug|x86.Build.0 = Debug|Win32
		{1CDB19D8-C3A0-4054-9AF3-6B150CB7CD5F}.Release|x64.ActiveCfg = Release|x64
		{1CDB19D8-C3A0-4054-9AF3-6B150CB7CD5F}.Release|x64.Build.0 = Release|x64
		{1CDB19D8-C3A0-4054-9AF3-6B150CB7CD5F}.Release|x86.ActiveCfg = Release|Win32
		{1CDB19D8-C3A0-4054-9AF3-6B150CB7CD5F}.Release|x86.Build.0 = Release|Win32
		{BD042E1F-B00A-4599-B9BE-80C12057AD29}.Debug|x64.ActiveCfg = Debug|x64
		{BD042E1F-B00A-4599-B9BE-80C12057AD29}.Debug|x64.Build.0 = Debug|x64
		{BD042E1F-B00A-4599-B9BE-80C12057AD29}.Debug|x86.ActiveCfg = Debug|Win32
		{BD042E1F-B00A-4599-B9BE-80C12057AD29}.Debug|x86.Build.0 = Debug|Win32
		{BD042E1F-B00A-4599-B9BE-80C12057AD29}.Release|x64.ActiveCfg = Release|x64
		{BD042E1F-B00A-4599-B9BE-80C12057AD29}.Release|x64.Build.0 = Release|x64
		{BD042E1F-B00A-4599-B9BE-80C12057AD29}.Release|x86.ActiveCfg = Release|Win32
		{BD042E1F-B00A-4599-B9BE-80C12057AD29}.Release|x86.Build.0 = Release|Win32
		{CCEABCAC-D268-4928-B7AE-90D09BE62F2D}.Debug|x64.ActiveCfg = Debug|x64
		{CCEABCAC-D268-4928-B7AE-90D09BE62F2D}.Debug|x64.Build.0 = Debug|x64
		{CCEABCAC-D268-4928-B7AE-90D09BE62F2D}.Debug|x86.ActiveCfg = Debug|Win32
		{CCEABCAC-D268-4928-B7AE-90D09BE62F2D}.Debug|x86.Build.0 = Debug|Win32
		{CCEABCAC-D268-4928-B7AE-90D09BE62F2D}.Release|x64.ActiveCfg = Release|x64
		{CCEABCAC-D268-4928-B7AE-90D09BE62F2D}.Release|x64.Build.0 = Release|x64
		{CCEABCAC-D268-4928-B7AE-90D09BE62F2D}.Release|x86.ActiveCfg = Release|Win32
		{CCEABCAC-D268-4928-B7AE-90D09BE62F2D}.Release|x86.Build.0 = Release|Win32
		{556E96C4-4DA4-4226-BEED-0E30931009FD}.Debug|x64.ActiveCfg = Debug|x64
		{556E96C4-4DA4-4226-BEED-0E30931009FD}.Debug|x64.Build.0 = Debug|x64
		{556E96C4-4DA4-4226-BEED-0E30931009FD}.Debug|x86.ActiveCfg = Debug|Win32
		{556E96C4-4DA4-4226-BEED-0E30931009FD}.Debug|x86.Build.0 = Debug|Win32
		{556E96C4-4DA4-4226-BEED-0E30931009FD}.Release|x64.ActiveCfg = Release|x64
		{556E96C4-4DA4-4226-BEED-0E30931009FD}.Release|x64.Build.0 = Release|x64
		{556E96C4-4DA4-4226-BEED-0E30931009FD}.Release|x86.ActiveCfg = Release|Win32
		{556E96C4-4DA4-4226-BEED-0E30931009FD}.Release|x86.Build.0 = Release|Win32
		{9E65A2F9-6264-49D3-B655-96FF2BFD28C0}.Debug|x64.ActiveCfg = Debug|x64
		{9E65A2F9-6264-49D3-B655-96FF2BFD28C0}.Debug|x64.Build.0 = Debug|x64
		{9E65A2F9-6264-49D3-B655-96FF2BFD28C0}.Debug|x86.ActiveCfg = Debug|Win32
		{9E65A2F9-6264-49D3-B655-96FF2BFD28C0}.Debug|x86.Build.0 = Debug|Win32
		{9E65A2F9-6264-49D3-B655-96FF2BFD28C0}.Release|x64.ActiveCfg = Release|x64
		{9E65A2F9-6264-49D3-B655-96FF2BFD28C0}.Release|x64.Build.0 = Release|x64
		{9E65A2F9-6264-49D3-B655-96FF2BFD28C0}.Release|x86.ActiveCfg = Release|Win32
		{9E65A2F9-6264-49D3-B655-96FF2BFD28C0}.Release|x86.Build.0 = Release|Win32
		{7339108B-ADFE-4E6A-BC00-9ED8502163F1}.Debug|x64.ActiveCfg = Debug|x64
		{7339108B-ADFE-4E6A-BC00-9ED8502163F1}.Debug|x64.Build.0 = Debug|x64
		{7339108B-ADFE-4E6A-BC00-9ED8502163F1}.Debug|x86.ActiveCfg = Debug|Win32
		{7339108B-ADFE-4E6A-BC00-9ED8502163F1}.Debug|x86.Build.0 = Debug|Win32
		{7339108B-ADFE-4E6A-BC00-9ED8502163F1}.Release|x64.ActiveCfg = Release|x64
		{7339108B-ADFE-4E6A-BC00-9ED8502163F1}.Release|x64.Build.0 = Release|x64
		{7339108B-ADFE-4E6A-BC00-9ED8502163F1}.Release|x86.ActiveCfg = Release|Win32
		{7339108B-ADFE-4E6A-BC00-9ED8502163F1}.Release|x86.Build.0 = Release|Win32
		{D6D5A446-8C04-4993-B876-97E3B571F63B}.Debug|x64.ActiveCfg = Debug|x64
		{D6D5A446-8C04-4993-B876-97E3B571F63B}.Debug|x64.Build.0 = Debug|x64
		{D6D5A446-8C04-4993-B876-97E3B571F63B}.Debug|x86.ActiveCfg = Debug|Win32
		{D6D5A446-8C04-4993-B876-97E3B571F63B}.Debug|x86.Build.0 = Debug|Win32
		{D6D5A446-8C04-4993-B876-97E3B571F63B}.Release|x64.ActiveCfg = Release|x64
		{D6D5A446-8C04-4993-B876-97E3B571F63B}.Release|x64.Build.0 = Release|x64
		{D6D5A446-8C04-4993-B876-97E3B571F63B}.Release|x86.ActiveCfg = Release|Win32
		{D6D5A446-8C04-4993-B876-97E3B571F63B}.Release|x86.Build.0 = Release|Win32
		{4BD11BE6-0435-4C9C-B270-96C1BAA1B9C9}.Debug|x64.ActiveCfg = Debug|x64
		{4BD11BE6-0435-4C9C-B270-96C1BAA1B9C9}.Debug|x64.Build.0 = Debug|x64
		{4BD11BE6-0435-4C9C-B270-96C1BAA1B9C9}.Debug|x86.ActiveCfg = Debug|Win32
		{4BD11BE6-0435-4C9C-B270-96C1BAA1B9C9}.Debug|x86.Build.0 = Debug|Win32
		{4BD11BE6-0435-4C9C-B270-96C1BAA1B9C9}.Release|x64.ActiveCfg = Release|x64
		{4BD11BE6-0435-4C9C-B270-96C1BAA1B9C9}.Release|x64.Build.0 = Release|x64
		{4BD11BE6-0435-4C9C-B270-96C1BAA1B9C9}.Release|x86.ActiveCfg = Release|Win32
		{4BD11BE6-0435-4C9C-B270-96C1BAA1B9C9}.Release|x86.Build.0 = Release|Win32
		{18AFBE0A-8671-4E20-883F-7E1717320071}.Debug|x64.ActiveCfg = Debug|x64
		{18AFBE0A-8671-4E20-883F-7E1717320071}.Debug|x64.Build.0 = Debug|x64
		{18AFBE0A-8671-4E20-883F-7E1717320071}.Debug|x86.ActiveCfg = Debug|Win32
		{18AFBE0A-8671-4E20-883F-7E1717320071}.Debug|x86.Build.0 = Debug|Win32
		{18AFBE0A-8671-4E20-883F-7E1717320071}.Release|x64.ActiveCfg = Release|x64
		{18AFBE0A-8671-4E20-883F-7E1717320071}.Release|x64.Build.0 = Release|x64
		{18AFBE0A-8671-4E20-883F-7E1717320071}.Release|x86.ActiveCfg = Release|Win32
		{18AFBE0A-8671-4E20-883F-7E1717320071}.Release|x86.Build.0 = Release|Win32
		{50B716AC-5F03-442D-BD39-AE3300E75F57}.Debug|x64.ActiveCfg = Debug|x64
		{50B716AC-5F03-442D-BD39-AE3300E75F57}.Debug|x64.Build.0 = Debug|x64
		{50B716AC-5F03-442D-BD39-AE3300E75F57}.Debug|x86.ActiveCfg = Debug|Win32
		{50B716AC-5F03-442D-BD39-AE3300E75F57}.Debug|x86.Build.0 = Debug|Win32
		{50B716AC-5F03-442D-BD39-AE3300E75F57}.Release|x64.ActiveCfg = Release|x64
		{50B716AC-5F03-442D-BD39-AE3300E75F57}.Release|x64.Build.0 = Release|x64
		{50B716AC-5F03-442D-BD39-AE3300E75F57}.Release|x86.ActiveCfg = Release|Win32
		{50B716AC-5F03-442D-BD39-AE3300E75F57}.Release|x86.Build.0 = Release|Win32
		{01E29D68-C89E-4F06-B6DD-84ECBAFCDCFF}.Debug|x64.ActiveCfg = Debug|x64
		{01E29D68-C89E-4F06-B6DD-84ECBAFCDCFF}.Debug|x64.Build.0 = Debug|x64
		{01E29D68-C89E-4F06-B6DD-84ECBAFCDCFF}.Debug|x86.ActiveCfg = Debug|Win32
		{01E29D68-C89E-4F06-B6DD-84ECBAFCDCFF}.Debug|x86.Build.0 = Debug|Win32
		{01E29D68-C89E-4F06-B6DD-84ECBAFCDCFF}.Release|x64.ActiveCfg = Release|x64
		{01E29D68-C89E-4F06-B6DD-84ECBAFCDCFF}.Release|x64.Build.0 = Release|x64
		{01E29D68-C89E-4F06-B6DD-84ECBAFCDCFF}.Release|x86.ActiveCfg = Release|Win32
		{01E29D68-C89E-4F06-B6DD-84ECBAFCDCFF}.Release|x86.Build.0 = Release|Win32
		{38D9EE9F-F402-407F-9D7A-4B2E87C2E799}.Debug|x64.ActiveCfg = Debug|x64
		{38D9EE9F-F402-407F-9D7A-4B2E87C2E799}.Debug|x64.Build.0 = Debug|x64
		{38D9EE9F-F402-407F-9D7A-4B2E87C2E799}.Debug|x86.ActiveCfg = Debug|Win32
		{38D9EE9F-F402-407F-9D7A-4B2E87C2E799}.Debug|x86.Build.0 = Debug|Win32
		{38D9EE9F-F402-407F-9D7A-4B2E87C2E799}.Release|x64.ActiveCfg = Release|x64
		{38D9EE9F-F402-407F-9D7A-4B2E87C2E799}.Release|x64.Build.0 = Release|x64
		{38D9EE9F-F402-407F-9D7A-4B2E87C2E799}.Release|x86.ActiveCfg = Release|Win32
		{38D9EE9F-F402-407F-9D7A-4B2E87C2E799}.Release|x86.Build.0 = Release|Win32
		{6750D0C7-A705-483C-8548-21755B4E975A}.Debug|x64.ActiveCfg = Debug|x64
		{6750D0C7-A705-483C-8548-21755B4E975A}.Debug|x64.Build.0 = Debug|x64
		{6750D0C7-A705-483C-8548-21755B4E975A}.Debug|x86.ActiveCfg = Debug|Win32
		{6750D0C7-A705-483C-8548-21755B4E975A}.Debug|x86.Build.0 = Debug|Win32
		{6750D0C7-A705-483C-8548-21755B4E975A}.Release|x64.ActiveCfg = Release|x64
		{6750D0C7-A705-483C-8548-21755B4E975A}.Release|x64.Build.0 = Release|x64
		{6750D0C7-A705-483C-8548-21755B4E975A}.Release|x86.ActiveCfg = Release|Win32
		{6750D0C7-A705-483C-8548-21755B4E975A}.Release|x86.Build.0 = Release|Win32
		{9458B286-1094-42C6-BE5E-D20BF814B763}.Debug|x64.ActiveCfg = Debug|x64
		{9458B286-1094-42C6-BE5E-D20BF814B763}.Debug|x64.Build.0 = Debug|x64
		{9458B286-1094-42C6-BE5E-D20BF814B763}.Debug|x86.ActiveCfg = Debug|Win32
		{9458B286-1094-42C6-BE5E-D20BF814B763}.Debug|x86.Build.0 = Debug|Win32
		{9458B286-1094-42C6-BE5E-D20BF814B763}.Release|x64.ActiveCfg = Release|x64
		{9458B286-1094-42C6-BE5E-D20BF814B763}.Release|x64.Build.0 = Release|x64
		{9458B286-1094-42C6-BE5E-D20BF814B763}.Release|x86.ActiveCfg = Release|Win32
		{9458B286-1094-42C6-BE5E-D20BF814B763}.Release|x86.Build.0 = Release|Win32
		{887B6946-91C5-4267-AA4A-90279EC84C88}.Debug|x64.ActiveCfg = Debug|x64
		{887B6946-91C5-4267-AA4A-90279EC84C88}.Debug|x64.Build.0 = Debug|x64
		{887B6946-91C5-4267-AA4A-90279EC84C88}.Debug|x86.ActiveCfg = Debug|Win32
		{887B6946-91C5-4267-AA4A-90279EC84C88}.Debug|x86.Build.0 = Debug|Win32
		{887B6946-91C5-4267-AA4A-90279EC84C88}.Release|x64.ActiveCfg = Release|x64
		{887B6946-91C5-4267-AA4A-90279EC84C88}.Release|x64.Build.0 = Release|x64
		{887B6946-91C5-4267-AA4A-90279EC84C88}.Release|x86.ActiveCfg = Release|Win32
		{887B6946-91C5-4267-AA4A-90279EC84C88}.Release|x86.Build.0 = Release|Win32
		{F2FE417E-6677-4C0F-B67F-95168760A216}.Debug|x64.ActiveCfg = Debug|x64
		{F2FE417E-6677-4C0F-B67F-95168760A216}.Debug|x64.Build.0 = Debug|x64
		{F2FE417E-6677-4C0F-B67F-95168760A216}.Debug|x86.ActiveCfg = Debug|Win32
		{F2FE417E-6677-4C0F-B67F-95168760A216}.Debug|x86.Build.0 = Debug|Win32
		{F2FE417E-6677-4C0F-B67F-95168760A216}.Release|x64.ActiveCfg = Release|x64
		{F2FE417E-6677-4C0F-B67F-95168760A216}.Release|x64.Build.0 = Release|x64
		{F2FE417E-6677-4C0F-B67F-95168760A216}.Release|x86.ActiveCfg = Release|Win32
		{F2FE417E-6677-4C0F-B67F-95168760A216}.Release|x86.Build.0 = Release|Win32
		{C7B7194E-0FB6-4E74-B092-280E1EF98136}.Debug|x64.ActiveCfg = Debug|x64
		{C7B7194E-0FB6-4E74-B092-280E1EF98136}.Debug|x64.Build.0 = Debug|x64
		{C7B7194E-0FB6-4E74-B092-280E1EF98136}.Debug|x86.ActiveCfg = Debug|Win32
		{C7B7194E-0FB6-4E74-B092-280E1EF98136}.Debug|x86.Build.0 = Debug|Win32
		{C7B7194E-0FB6-4E74-B092-280E1EF98136}.Release|x64.ActiveCfg = Release|x64
		{C7B7194E-0FB6-4E74-B092-280E1EF98136}.Release|x64.Build.0 = Release|x64
		{C7B7194E-0FB6-4E74-B092-280E1EF98136}.Release|x86.ActiveCfg = Release|Win32
		{C7B7194E-0FB6-4E74-B092-280E1EF98136}.Release|x86.Build.0 = Release|Win32
		{9FB6897D-0F53-44F6-97FA-EA56358D5CF4}.Debug|x64.ActiveCfg = Debug|x64
		{9FB6897D-0F53-44F6-97FA-EA56358D5CF4}.Debug|x64.Build.0 = Debug|x64
		{9FB6897D-0F53-44F6-97FA-EA56358D5CF4}.Debug|x86.ActiveCfg = Debug|Win32
		{9FB6897D-0F53-44F6-97FA-EA56358D5CF4}.Debug|x86.Build.0 = Debug|Win32
		{9FB6897D-0F53-44F6-97FA-EA56358D5CF4}.Release|x64.ActiveCfg = Release|x64
		{9FB6897D-0F53-44F6-97FA-EA56358D5CF4}.Release|x64.Build.0 = Release|x64
		{9FB6897D-0F53-44F6-97FA-EA56358D5CF4}.Release|x86.ActiveCfg = Release|Win32
		{9FB6897D-0F53-44F6-97FA-EA56358D5CF4}.Release|x86.Build.0 = Release|Win32
		{A1B2BD7F-C67B-4874-9AE8-9EAC4449F4E8}.Debug|x64.ActiveCfg = Debug|x64
		{A1B2BD7F-C67B-4874-9AE8-9EAC4449F4E8}.Debug|x64.Build.0 = Debug|x64
		{A1B2BD7F-C67B-4874-9AE8-9EAC4449F4E8}.Debug|x86.ActiveCfg = Debug|Win32
		{A1B2BD7F-C67B-4874-9AE8-9EAC4449F4E8}.Debug|x86.Build.0 = Debug|Win32
		{A1B2BD7F-C67B-4874-9AE8-9EAC4449F4E8}.Release|x64.ActiveCfg = Release|x64
		{A1B2BD7F-C67B-4874-9AE8-9EAC4449F4E8}.Release|x64.Build.0 = Release|x64
		{A1B2BD7F-C67B-4874-9AE8-9EAC4449F4E8}.Release|x86.ActiveCfg = Release|Win32
		{A1B2BD7F-C67B-4874-9AE8-9EAC4449F4E8}.Release|x86.Build.0 = Release|Win32
		{107E9642-7867-46E9-ACB8-92B4BDDF704A}.Debug|x64.ActiveCfg = Debug|x64
		{107E9642-7867-46E9-ACB8-92B4BDDF704A}.Debug|x64.Build.0 = Debug|x64
		{107E9642-7867-46E9-ACB8-92B4BDDF704A}.Debug|x86.ActiveCfg = Debug|Win32
		{107E9642-7867-46E9-ACB8-92B4BDDF704A}.Debug|x86.Build.0 = Debug|Win32
		{107E9642-7867-46E9-ACB8-92B4BDDF704A}.Release|x64.ActiveCfg = Release|x64
		{107E9642-7867-46E9-ACB8-92B4BDDF704A}.Release|x64.Build.0 = Release|x64
		{107E9642-7867-46E9-ACB8-92B4BDDF704A}.Release|x86.ActiveCfg = Release|Win32
		{107E9642-7867-46E9-ACB8-92B4BDDF704A}.Release|x86.Build.0 = Release|Win32
		{BAB8D01B-3A91-403E-AF98-254B3A997747}.Debug|x64.ActiveCfg = Debug|x64
		{BAB8D01B-3A91-403E-AF98-254B3A997747}.Debug|x64.Build.0 = Debug|x64
		{BAB8D01B-3A91-403E-AF98-254B3A997747}.Debug|x86.ActiveCfg = Debug|Win32
		{BAB8D01B-3A91-403E-AF98-254B3A997747}.Debug|x86.Build.0 = Debug|Win32
		{BAB8D01B-3A91-403E-AF98-254B3A997747}.Release|x64.ActiveCfg = Release|x64
		{BAB8D01B-3A91-403E-AF98-254B3A997747}.Release|x64.Build.0 = Release|x64
		{BAB8D01B-3A91-403E-AF98-254B3A997747}.Release|x86.ActiveCfg = Release|Win32
		{BAB8D01B-3A91-403E-AF98-254B3A997747}.Release|x86.Build.0 = Release|Win32
		{EE0F1519-A7A8-4A81-A099-2CBFA29F381F}.Debug|x64.ActiveCfg = Debug|x64
		{EE0F1519-A7A8-4A81-A099-2CBFA29F381F}.Debug|x64.Build.0 = Debug|x64
		{EE0F1519-A7A8-4A81-A099-2CBFA29F381F}.Debug|x86.ActiveCfg = Debug|Win32
		{EE0F1519-A7A8-4A81-A099-2CBFA29F381F}.Debug|x86.Build.0 = Debug|Win32
		{EE0F1519-A7A8-4A81-A099-2CBFA29F381F}.Release|x64.ActiveCfg = Release|x64
		{EE0F1519-A7A8-4A81-A099-2CBFA29F381F}.Release|x64.Build.0 = Release|x64
		{EE0F1519-A7A8-4A81-A099-2CBFA29F381F}.Release|x86.ActiveCfg = Release|Win32
		{EE0F1519-A7A8-4A81-A099-2CBFA29F381F}.Release|x86.Build.0 = Release|Win32
		{02BA9C03-2883-4167-8A5B-CD87233654F8}.Debug|x64.ActiveCfg = Debug|x64
		{02BA9C03-2883-4167-8A5B-CD87233654F8}.Debug|x64.Build.0 = Debug|x64
		{02BA9C03-2883-4167-8A5B-CD87233654F8}.Debug|x86.ActiveCfg = Debug|Win32
		{02BA9C03-2883-4167-8A5B-CD87233654F8}.Debug|x86.Build.0 = Debug|Win32
		{02BA9C03-2883-4167-8A5B-CD87233654F8}.Release|x64.ActiveCfg = Release|x64
		{02BA9C03-2883-4167-8A5B-CD87233654F8}.Release|x64.Build.0 = Release|x64
		{02BA9C03-2883-4167-8A5B-CD87233654F8}.Release|x86.ActiveCfg = Release|Win32
		{02BA9C03-2883-4167-8A5B-CD87233654F8}.Release|x86.Build.0 = Release|Win32
		{C6B17044-01A6-4FB8-A58F-F4900AF6AC4E}.Debug|x64.ActiveCfg = Debug|x64
		{C6B17044-01A6-4FB8-A58F-F4900AF6AC4E}.Debug|x64.Build.0 = Debug|x64
		{C6B17044-01A6-4FB8-A58F-F4900AF6AC4E}.Debug|x86.ActiveCfg = Debug|Win32
		{C6B17044-01A6-4FB8-A58F-F4900AF6AC4E}.Debug|x86.Build.0 = Debug|Win32
		{C6B17044-01A6-4FB8-A58F-F4900AF6AC4E}.Release|x64.ActiveCfg = Release|x64
		{C6B17044-01A6-4FB8-A58F-F4900AF6AC4E}.Release|x64.Build.0 = Release|x64
		{C6B17044-01A6-4FB8-A58F-F4900AF6AC4E}.Release|x86.ActiveCfg = Release|Win32
		{C6B17044-01A6-4FB8-A58F-F4900AF6AC4E}.Release|x86.Build.0 = Release|Win32
		{D2208461-B834-45DB-A5D3-42BDB13F0D99}.Debug|x64.ActiveCfg = Debug|x64
		{D2208461-B834-45DB-A5D3-42BDB13F0D99}.Debug|x64.Build.0 = Debug|x64
		{D2208461-B834-45DB-A5D3-42BDB13F0D99}.Debug|x86.ActiveCfg = Debug|Win32
		{D2208461-B834-45DB-A5D3-42BDB13F0D99}.Debug|x86.Build.0 = Debug|Win32
		{D2208461-B834-45DB-A5D3-42BDB13F0D99}.Release|x64.ActiveCfg = Release|x64
		{D2208461-B834-45DB-A5D3-42BDB13F0D99}.Release|x64.Build.0 = Release|x64
		{D2208461-B834-45DB-A5D3-42BDB13F0D99}.Release|x86.ActiveCfg = Release|Win32
		{D2208461-B834-45DB-A5D3-42BDB13F0D99}.Release|x86.Build.0 = Release|Win32
		{0AE57123-443C-4A84-9E08-5435A6A5FB34}.Debug|x64.ActiveCfg = Debug|x64
		{0AE57123-443C-4A84-9E08-5435A6A5FB34}.Debug|x64.Build.0 = Debug|x64
		{0AE57123-443C-4A84-9E08-5435A6A5FB34}.Debug|x86.ActiveCfg = Debug|Win32
		{0AE57123-443C-4A84-9E08-5435A6A5FB34}.Debug|x86.Build.0 = Debug|Win32
		{0AE57123-443C-4A84-9E08-5435A6A5FB34}.Release|x64.ActiveCfg = Release|x64
		{0AE57123-443C-4A84-9E08-5435A6A5FB34}.Release|x64.Build.0 = Release|x64
		{0AE57123-443C-4A84-9E08-5435A6A5FB34}.Release|x86.ActiveCfg = Release|Win32
		{0AE57123-443C-4A84-9E08-5435A6A5FB34}.Release|x86.Build.0 = Release|Win32
		{95C2496A-1FA2-4490-BFD3-6927901D363A}.Debug|x64.ActiveCfg = Debug|x64
		{95C2496A-1FA2-4490-BFD3-6927901D363A}.Debug|x64.Build.0 = Debug|x64
		{95C2496A-1FA2-4490-BFD3-6927901D363A}.Debug|x86.ActiveCfg = Debug|Win32
		{95C2496A-1FA2-4490-BFD3-6927901D363A}.Debug|x86.Build.0 = Debug|Win32
		{95C2496A-1FA2-4490-BFD3-6927901D363A}.Release|x64.ActiveCfg = Release|x64
		{95C2496A-1FA2-4490-BFD3-6927901D363A}.Release|x64.Build.0 = Release|x64
		{95C2496A-1FA2-4490-BFD3-6927901D363A}.Release|x86.ActiveCfg = Release|Win32
		{95C2496A-1FA2-4490-BFD3-6927901D363A}.Release|x86.Build.0 = Release|Win32
		{74CE6186-0595-449B-8489-87CDD029FC8C}.Debug|x64.ActiveCfg = Debug|x64
		{74CE6186-0595-449B-8489-87CDD029FC8C}.Debug|x64.Build.0 = Debug|x64
		{74CE6186-0595-449B-8489-87CDD029FC8C}.Debug|x86.ActiveCfg = Debug|Win32
		{74CE6186-0595-449B-8489-87CDD029FC8C}.Debug|x86.Build.0 = Debug|Win32
		{74CE6186-0595-449B-8489-87CDD029FC8C}.Release|x64.ActiveCfg = Release|x64
		{74CE6186-0595-449B-8489-87CDD029FC8C}.Release|x64.Build.0 = Release|x64
		{74CE6186-0595-449B-8489-87CDD029FC8C}.Release|x86.ActiveCfg = Release|Win32
		{74CE6186-0595-449B-8489-87CDD029FC8C}.Release|x86.Build.0 = Release|Win32
		{46C96D26-F8A4-414A-806B-476B13840205}.Debug|x64.ActiveCfg = Debug|x64
		{46C96D26-F8A4-414A-806B-476B13840205}.Debug|x64.Build.0 = Debug|x64
		{46C96D26-F8A4-414A-806B-476B13840205}.Debug|x86.ActiveCfg = Debug|Win32
		{46C96D26-F8A4-414A-806B-476B13840205}.Debug|x86.Build.0 = Debug|Win32
		{46C96D26-F8A4-414A-806B-476B13840205}.Release|x64.ActiveCfg = Release|x64
		{46C96D26-F8A4-414A-806B-476B13840205}.Release|x64.Build.0 = Release|x64
		{46C96D26-F8A4-414A-806B-476B13840205}.Release|x86.ActiveCfg = Release|Win32
		{46C96D26-F8A4-414A-806B-476B13840205}.Release|x86.Build.0 = Release|Win32
		{F7DCDEC6-B725-4115-A85C-C2498FBAF651}.Debug|x64.ActiveCfg = Debug|x64
		{F7DCDEC6-B725-4115-A85C-C2498FBAF651}.Debug|x64.Build.0 = Debug|x64
		{F7DCDEC6-B725-4115-A85C-C2498FBAF651}.Debug|x86.ActiveCfg = Debug|Win32
		{F7DCDEC6-B725-4115-A85C-C2498FBAF651}.Debug|x86.Build.0 = Debug|Win32
		{F7DCDEC6-B725-4115-A85C-C2498FBAF651}.Release|x64.ActiveCfg = Release|x64
		{F7DCDEC6-B725-4115-A85C-C2498FBAF651}.Release|x64.Build.0 = Release|x64
		{F7DCDEC6-B725-4115-A85C-C2498FBAF651}.Release|x86.ActiveCfg = Release|Win32
		{F7DCDEC6-B725-4115-A85C-C2498FBAF651}.Release|x86.Build.0 = Release|Win32
		{F3E57ACC-27A3-4123-AE5C-2CE4443C47B6}.Debug|x64.ActiveCfg = Debug|x64
		{F3E57ACC-27A3-4123-AE5C-2CE4443C47B6}.Debug|x64.Build.0 = Debug|x64
		{F3E57ACC-27A3-4123-AE5C-2CE4443C47B6}.Debug|x86.ActiveCfg = Debug|Win32
		{F3E57ACC-27A3-4123-AE5C-2CE4443C47B6}.Debug|x86.Build.0 = Debug|Win32
		{F3E57ACC-27A3-4123-AE5C-2CE4443C47B6}.Release|x64.ActiveCfg = Release|x64
		{F3E57ACC-27A3-4123-AE5C-2CE4443C47B6}.Release|x64.Build.0 = Release|x64
		{F3E57ACC-27A3-4123-AE5C-2CE4443C47B6}.Release|x86.ActiveCfg = Release|Win32
		{F3E57ACC-27A3-4123-AE5C-2CE4443C47B6}.Release|x86.Build.0 = Release|Win32
		{1547194D-1401-4CEF-813F-43F14378C2F4}.Debug|x64.ActiveCfg = Debug|x64
		{1547194D-1401-4CEF-813F-43F14378C2F4}.Debug|x64.Build.0 = Debug|x64
		{1547194D-1401-4CEF-813F-43F14378C2F4}.Debug|x86.ActiveCfg = Debug|Win32
		{1547194D-1401-4CEF-813F-43F14378C2F4}.Debug|x86.Build.0 = Debug|Win32
		{1547194D-1401-4CEF-813F-43F14378C2F4}.Release|x64.ActiveCfg = Release|x64
		{1547194D-1401-4CEF-813F-43F14378C2F4}.Release|x64.Build.0 = Release|x64
		{1547194D-1401-4CEF-813F-43F14378C2F4}.Release|x86.ActiveCfg = Release|Win32
		{1547194D-1401-4CEF-813F-43F14378C2F4}.Release|x86.Build.0 = Release|Win32
		{33D734D9-D0C5-4082-8C03-25696C26E2A6}.Debug|x64.ActiveCfg = Debug|x64
		{33D734D9-D0C5-4082-8C03-25696C26E2A6}.Debug|x64.Build.0 = Debug|x64
		{33D734D9-D0C5-4082-8C03-25696C26E2A6}.Debug|x86.ActiveCfg = Debug|Win32
		{33D734D9-D0C5-4082-8C03-25696C26E2A6}.Debug|x86.Build.0 = Debug|Win32
		{33D734D9-D0C5-4082-8C03-25696C26E2A6}.Release|x64.ActiveCfg = Release|x64
		{33D734D9-D0C5-4082-8C03-25696C26E2A6}.Release|x64.Build.0 = Release|x64
		{33D734D9-D0C5-4082-8C03-25696C26E2A6}.Release|x86.ActiveCfg = Release|Win32
		{33D734D9-D0C5-4082-8C03-25696C26E2A6}.Release|x86.Build.0 = Release|Win32
		{0859B11B-515E-4306-94AD-E40A81ACA4CE}.Debug|x64.ActiveCfg = Debug|x64
		{0859B11B-515E-4306-94AD-E40A81ACA4CE}.Debug|x64.Build.0 = Debug|x64
		{0859B11B-515E-4306-94AD-E40A81ACA4CE}.Debug|x86.ActiveCfg = Debug|Win32
		{0859B11B-515E-4306-94AD-E40A81ACA4CE}.Debug|x86.Build.0 = Debug|Win32
		{0859B11B-515E-4306-94AD-E40A81ACA4CE}.Release|x64.ActiveCfg = Release|x64
		{0859B11B-515E-4306-94AD-E40A81ACA4CE}.Release|x64.Build.0 = Release|x64
		{0859B11B-515E-4306-94AD-E40A81ACA4CE}.Release|x86.ActiveCfg = Release|Win32
		{0859B11B-515E-4306-94AD-E40A81ACA4CE}.Release|x86.Build.0 = Release|Win32
		{E17A4F50-0CD0-4783-A5A8-DE0993148930}.Debug|x64.ActiveCfg = Debug|x64
		{E17A4F50-0CD0-4783-A5A8-DE0993148930}.Debug|x64.Build.0 = Debug|x64
		{E17A4F50-0CD0-4783-A5A8-DE0993148930}.Debug|x86.ActiveCfg = Debug|Win32
		{E17A4F50-0CD0-4783-A5A8-DE0993148930}.Debug|x86.Build.0 = Debug|Win32
		{E17A4F50-0CD0-4783-A5A8-DE0993148930}.Release|x64.ActiveCfg = Release|x64
		{E17A4F50-0CD0-4783-A5A8-DE0993148930}.Release|x64.Build.0 = Release|x64
		{E17A4F50-0CD0-4783-A5A8-DE0993148930}.Release|x86.ActiveCfg = Release|Win32
		{E17A4F50-0CD0-4783-A5A8-DE0993148930}.Release|x86.Build.0 = Release|Win32
		{06695162-41CE-4A52-9CCE-30E7766C0C65}.Debug|x64.ActiveCfg = Debug|x64
		{06695162-41CE-4A52-9CCE-30E7766C0C65}.Debug|x64.Build.0 = Debug|x64
		{06695162-41CE-4A52-9CCE-30E7766C0C65}.Debug|x86.ActiveCfg = Debug|Win32
		{06695162-41CE-4A52-9CCE-30E7766C0C65}.Debug|x86.Build.0 = Debug|Win32
		{06695162-41CE-4A52-9CCE-30E7766C0C65}.Release|x64.ActiveCfg = Release|x64
		{06695162-41CE-4A52-9CCE-30E7766C0C65}.Release|x64.Build.0 = Release|x64
		{06695162-41CE-4A52-9CCE-30E7766C0C65}.Release|x86.ActiveCfg = Release|Win32
		{06695162-41CE-4A52-9CCE-30E7766C0C65}.Release|x86.Build.0 = Release|Win32
		{CD253FF1-1713-4E6F-A0B1-4BDDE17E5185}.Debug|x64.ActiveCfg = Debug|x64
		{CD253FF1-1713-4E6F-A0B1-4BDDE17E5185}.Debug|x64.Build.0 = Debug|x64
		{CD253FF1-1713-4E6F-A0B1-4BDDE17E5185}.Debug|x86.ActiveCfg = Debug|Win32
		{CD253FF1-1713-4E6F-A0B1-4BDDE17E5185}.Debug|x86.Build.0 = Debug|Win32
		{CD253FF1-1713-4E6F-A0B1-4BDDE17E5185}.Release|x64.ActiveCfg = Release|x64
		{CD253FF1-1713-4E6F-A0B1-4BDDE17E5185}.Release|x64.Build.0 = Release|x64
		{CD253FF1-1713-4E6F-A0B1-4BDDE17E5185}.Release|x86.ActiveCfg = Release|Win32
		{CD253FF1-1713-4E6F-A0B1-4BDDE17E5185}.Release|x86.Build.0 = Release|Win32
		{99B89510-7CDD-4B32-B93F-8701C62B6223}.Debug|x64.ActiveCfg = Debug|x64
		{99B89510-7CDD-4B32-B93F-8701C62B6223}.Debug|x64.Build.0 = Debug|x64
		{99B89510-7CDD-4B32-B93F-8701C62B6223}.Debug|x86.ActiveCfg = Debug|Win32
		{99B89510-7CDD-4B32-B93F-8701C62B6223}.Debug|x86.Build.0 = Debug|Win32
		{99B89510-7CDD-4B32-B93F-8701C62B6223}.Release|x64.ActiveCfg = Release|x64
		{99B89510-7CDD-4B32-B93F-8701C62B6223}.Release|x64.Build.0 = Release|x64
		{99B89510-7CDD-4B32-B93F-8701C62B6223}.Release|x86.ActiveCfg = Release|Win32
		{99B89510-7CDD-4B32-B93F-8701C62B6223}.Release|x86.Build.0 = Release|Win32
		{E268185B-CD4B-41A1-A966-EB9A5208BB37}.Debug|x64.ActiveCfg = Debug|x64
		{E268185B-CD4B-41A1-A966-EB9A5208BB37}.Debug|x64.Build.0 = Debug|x64
		{E268185B-CD4B-41A1-A966-EB9A5208BB37}.Debug|x86.ActiveCfg = Debug|Win32
		{E268185B-CD4B-41A1-A966-EB9A5208BB37}.Debug|x86.Build.0 = Debug|Win32
		{E268185B-CD4B-41A1-A966-EB9A5208BB37}.Release|x64.ActiveCfg = Release|x64
		{E268185B-CD4B-41A1-A966-EB9A5208BB37}.Release|x64.Build.0 = Release|x64
		{E268185B-CD4B-41A1-A966-EB9A5208BB37}.Release|x86.ActiveCfg = Release|Win32
		{E268185B-CD4B-41A1-A966-EB9A5208BB37}.Release|x86.Build.0 = Release|Win32
		{292DD39C-0447-463A-B1EB-C8B49320360E}.Debug|x64.ActiveCfg = Debug|x64
		{292DD39C-0447-463A-B1EB-C8B49320360E}.Debug|x64.Build.0 = Debug|x64
		{292DD39C-0447-463A-B1EB-C8B49320360E}.Debug|x86.ActiveCfg = Debug|Win32
		{292DD39C-0447-463A-B1EB-C8B49320360E}.Debug|x86.Build.0 = Debug|Win32
		{292DD39C-0447-463A-B1EB-C8B49320360E}.Release|x64.ActiveCfg = Release|x64
		{292DD39C-0447-463A-B1EB-C8B49320360E}.Release|x64.Build.0 = Release|x64
		{292DD39C-0447-463A-B1EB-C8B49320360E}.Release|x86.ActiveCfg = Release|Win32
		{292DD39C-0447-463A-B1EB-C8B49320360E}.Release|x86.Build.0 = Release|Win32
		{3A9268C5-22F1-4DB9-8909-31869F85BBA9}.Debug|x64.ActiveCfg = Debug|x64
		{3A9268C5-22F1-4DB9-8909-31869F85BBA9}.Debug|x64.Build.0 = Debug|x64
		{3A9268C5-22F1-4DB9-8909-31869F85BBA9}.Debug|x86.ActiveCfg = Debug|Win32
		{3A9268C5-22F1-4DB9-8909-31869F85BBA9}.Debug|x86.Build.0 = Debug|Win32
		{3A9268C5-22F1-4DB9-8909-31869F85BBA9}.Release|x64.ActiveCfg = Release|x64
		{3A9268C5-22F1-4DB9-8909-31869F85BBA9}.Release|x64.Build.0 = Release|x64
		{3A9268C5-22F1-4DB9-8909-31869F85BBA9}.Release|x86.ActiveCfg = Release|Win32
		{3A9268C5-22F1-4DB9-8909-31869F85BBA9}.Release|x86.Build.0 = Release|Win32
	EndGlobalSection
	GlobalSection(SolutionProperties) = preSolution
		HideSolutionNode = FALSE
	EndGlobalSection
	GlobalSection(ExtensibilityGlobals) = postSolution
		SolutionGuid = {1944B781-5395-4B4E-8697-95215D8E38F1}
	EndGlobalSection
EndGlobal
